// !$*UTF8*$!
{
	archiveVersion = 1;
	classes = {
	};
	objectVersion = 55;
	objects = {

/* Begin PBXBuildFile section */
		73036275281261E8002DCE6B /* DictView.swift in Sources */ = {isa = PBXBuildFile; fileRef = 73036274281261E8002DCE6B /* DictView.swift */; };
		733A74CB281290F900B49310 /* FirebaseAnalytics in Frameworks */ = {isa = PBXBuildFile; productRef = 733A74CA281290F900B49310 /* FirebaseAnalytics */; };
		733A74CD281290F900B49310 /* FirebaseFirestore in Frameworks */ = {isa = PBXBuildFile; productRef = 733A74CC281290F900B49310 /* FirebaseFirestore */; };
		737D4CC728092C2100CD8CBD /* .swiftlint.yml in Resources */ = {isa = PBXBuildFile; fileRef = 737D4CC628092C2100CD8CBD /* .swiftlint.yml */; };
		737D4CD328092F5D00CD8CBD /* Game.swift in Sources */ = {isa = PBXBuildFile; fileRef = 737D4CD228092F5D00CD8CBD /* Game.swift */; };
		737D4CD528092F6C00CD8CBD /* Key.swift in Sources */ = {isa = PBXBuildFile; fileRef = 737D4CD428092F6C00CD8CBD /* Key.swift */; };
		737D4CD728092F7F00CD8CBD /* Answer.swift in Sources */ = {isa = PBXBuildFile; fileRef = 737D4CD628092F7F00CD8CBD /* Answer.swift */; };
		737D4CD92809322400CD8CBD /* KeyboardView.swift in Sources */ = {isa = PBXBuildFile; fileRef = 737D4CD82809322400CD8CBD /* KeyboardView.swift */; };
		737D4CDD2809324F00CD8CBD /* KeyboardViewModel.swift in Sources */ = {isa = PBXBuildFile; fileRef = 737D4CDC2809324F00CD8CBD /* KeyboardViewModel.swift */; };
		737D4CE0280939B500CD8CBD /* constant+UIscreenSize.swift in Sources */ = {isa = PBXBuildFile; fileRef = 737D4CDF280939B500CD8CBD /* constant+UIscreenSize.swift */; };
		737D4CE228093C3600CD8CBD /* MainView.swift in Sources */ = {isa = PBXBuildFile; fileRef = 737D4CE128093C3600CD8CBD /* MainView.swift */; };
		737D4CE428093C6200CD8CBD /* AnswerBoardView.swift in Sources */ = {isa = PBXBuildFile; fileRef = 737D4CE328093C6200CD8CBD /* AnswerBoardView.swift */; };
		737D4CE628093C7200CD8CBD /* AnswerBoardViewModel.swift in Sources */ = {isa = PBXBuildFile; fileRef = 737D4CE528093C7200CD8CBD /* AnswerBoardViewModel.swift */; };
		737D4CE82809539D00CD8CBD /* WordDictManager.swift in Sources */ = {isa = PBXBuildFile; fileRef = 737D4CE72809539D00CD8CBD /* WordDictManager.swift */; };
		7384B9F828168D7F00D14652 /* GoogleService-Info.plist in Resources */ = {isa = PBXBuildFile; fileRef = 7384B9F728168D7F00D14652 /* GoogleService-Info.plist */; };
		7384B9FB28168DDC00D14652 /* GoogleMobileAds in Frameworks */ = {isa = PBXBuildFile; productRef = 7384B9FA28168DDC00D14652 /* GoogleMobileAds */; };
		7384B9FD28168E7300D14652 /* GoogleAds.swift in Sources */ = {isa = PBXBuildFile; fileRef = 7384B9FC28168E7300D14652 /* GoogleAds.swift */; };
		738C80CB280D31B400D8FCA5 /* FiveWords.xcdatamodeld in Sources */ = {isa = PBXBuildFile; fileRef = 738C80C9280D31B400D8FCA5 /* FiveWords.xcdatamodeld */; };
		738C80CF280D424300D8FCA5 /* PersistenceController.swift in Sources */ = {isa = PBXBuildFile; fileRef = 738C80CE280D424300D8FCA5 /* PersistenceController.swift */; };
		738C80D1280D473200D8FCA5 /* 5Jamo.tsv in Resources */ = {isa = PBXBuildFile; fileRef = 738C80D0280D473200D8FCA5 /* 5Jamo.tsv */; };
		738C80D7280D61D600D8FCA5 /* WordDict.swift in Sources */ = {isa = PBXBuildFile; fileRef = 738C80D6280D61D600D8FCA5 /* WordDict.swift */; };
		738C80DB280D634C00D8FCA5 /* MainViewModel.swift in Sources */ = {isa = PBXBuildFile; fileRef = 738C80DA280D634C00D8FCA5 /* MainViewModel.swift */; };
		73D66DB2280E825000313A7F /* MainView+TitleView.swift in Sources */ = {isa = PBXBuildFile; fileRef = 73D66DB1280E825000313A7F /* MainView+TitleView.swift */; };
		73D66DB8280E973300313A7F /* EBSL.ttf in Resources */ = {isa = PBXBuildFile; fileRef = 73D66DB4280E973300313A7F /* EBSL.ttf */; };
		73D66DB9280E973300313A7F /* EBS훈민정음SB.ttf in Resources */ = {isa = PBXBuildFile; fileRef = 73D66DB5280E973300313A7F /* EBS훈민정음SB.ttf */; };
		73D66DBA280E973300313A7F /* EBS훈민정음새론R.ttf in Resources */ = {isa = PBXBuildFile; fileRef = 73D66DB6280E973300313A7F /* EBS훈민정음새론R.ttf */; };
		73D66DBB280E973300313A7F /* EBS훈민정음새론SB.ttf in Resources */ = {isa = PBXBuildFile; fileRef = 73D66DB7280E973300313A7F /* EBS훈민정음새론SB.ttf */; };
		73D66DBE280EA31000313A7F /* Launch Screen.storyboard in Resources */ = {isa = PBXBuildFile; fileRef = 73D66DBD280EA31000313A7F /* Launch Screen.storyboard */; };
		73FD63B127EDCF920041036F /* kWordleApp.swift in Sources */ = {isa = PBXBuildFile; fileRef = 73FD63B027EDCF920041036F /* kWordleApp.swift */; };
		73FD63B527EDCF940041036F /* Assets.xcassets in Resources */ = {isa = PBXBuildFile; fileRef = 73FD63B427EDCF940041036F /* Assets.xcassets */; };
		73FD63B827EDCF940041036F /* Preview Assets.xcassets in Resources */ = {isa = PBXBuildFile; fileRef = 73FD63B727EDCF940041036F /* Preview Assets.xcassets */; };
		CC7C517D280E753200B739F3 /* Color+CustomColor.swift in Sources */ = {isa = PBXBuildFile; fileRef = CC7C517C280E753200B739F3 /* Color+CustomColor.swift */; };
		CC7C517F280EB51300B739F3 /* MainView+MenuBar.swift in Sources */ = {isa = PBXBuildFile; fileRef = CC7C517E280EB51300B739F3 /* MainView+MenuBar.swift */; };
		CC7C5181280ECB6200B739F3 /* HowToPlayView.swift in Sources */ = {isa = PBXBuildFile; fileRef = CC7C5180280ECB6200B739F3 /* HowToPlayView.swift */; };
		CC7C5183280ECB8A00B739F3 /* StatisticView.swift in Sources */ = {isa = PBXBuildFile; fileRef = CC7C5182280ECB8A00B739F3 /* StatisticView.swift */; };
		CC802751281266D600686A3A /* String+getChar.swift in Sources */ = {isa = PBXBuildFile; fileRef = CC802750281266D600686A3A /* String+getChar.swift */; };
		CCDBBC7228100D4600563140 /* MainView+Toast.swift in Sources */ = {isa = PBXBuildFile; fileRef = CCDBBC7128100D4600563140 /* MainView+Toast.swift */; };
/* End PBXBuildFile section */

/* Begin PBXFileReference section */
		73036274281261E8002DCE6B /* DictView.swift */ = {isa = PBXFileReference; lastKnownFileType = sourcecode.swift; path = DictView.swift; sourceTree = "<group>"; };
		737D4CC628092C2100CD8CBD /* .swiftlint.yml */ = {isa = PBXFileReference; lastKnownFileType = text.yaml; path = .swiftlint.yml; sourceTree = "<group>"; };
		737D4CD228092F5D00CD8CBD /* Game.swift */ = {isa = PBXFileReference; lastKnownFileType = sourcecode.swift; path = Game.swift; sourceTree = "<group>"; };
		737D4CD428092F6C00CD8CBD /* Key.swift */ = {isa = PBXFileReference; lastKnownFileType = sourcecode.swift; path = Key.swift; sourceTree = "<group>"; };
		737D4CD628092F7F00CD8CBD /* Answer.swift */ = {isa = PBXFileReference; lastKnownFileType = sourcecode.swift; path = Answer.swift; sourceTree = "<group>"; };
		737D4CD82809322400CD8CBD /* KeyboardView.swift */ = {isa = PBXFileReference; lastKnownFileType = sourcecode.swift; path = KeyboardView.swift; sourceTree = "<group>"; };
		737D4CDC2809324F00CD8CBD /* KeyboardViewModel.swift */ = {isa = PBXFileReference; lastKnownFileType = sourcecode.swift; path = KeyboardViewModel.swift; sourceTree = "<group>"; };
		737D4CDF280939B500CD8CBD /* constant+UIscreenSize.swift */ = {isa = PBXFileReference; lastKnownFileType = sourcecode.swift; path = "constant+UIscreenSize.swift"; sourceTree = "<group>"; };
		737D4CE128093C3600CD8CBD /* MainView.swift */ = {isa = PBXFileReference; lastKnownFileType = sourcecode.swift; path = MainView.swift; sourceTree = "<group>"; };
		737D4CE328093C6200CD8CBD /* AnswerBoardView.swift */ = {isa = PBXFileReference; lastKnownFileType = sourcecode.swift; path = AnswerBoardView.swift; sourceTree = "<group>"; };
		737D4CE528093C7200CD8CBD /* AnswerBoardViewModel.swift */ = {isa = PBXFileReference; lastKnownFileType = sourcecode.swift; path = AnswerBoardViewModel.swift; sourceTree = "<group>"; };
		737D4CE72809539D00CD8CBD /* WordDictManager.swift */ = {isa = PBXFileReference; lastKnownFileType = sourcecode.swift; path = WordDictManager.swift; sourceTree = "<group>"; };
		7384B9F728168D7F00D14652 /* GoogleService-Info.plist */ = {isa = PBXFileReference; fileEncoding = 4; lastKnownFileType = text.plist.xml; path = "GoogleService-Info.plist"; sourceTree = "<group>"; };
		7384B9FC28168E7300D14652 /* GoogleAds.swift */ = {isa = PBXFileReference; lastKnownFileType = sourcecode.swift; path = GoogleAds.swift; sourceTree = "<group>"; };
		738C80CA280D31B400D8FCA5 /* CoreData.xcdatamodel */ = {isa = PBXFileReference; lastKnownFileType = wrapper.xcdatamodel; path = CoreData.xcdatamodel; sourceTree = "<group>"; };
		738C80CE280D424300D8FCA5 /* PersistenceController.swift */ = {isa = PBXFileReference; lastKnownFileType = sourcecode.swift; path = PersistenceController.swift; sourceTree = "<group>"; };
		738C80D0280D473200D8FCA5 /* 5Jamo.tsv */ = {isa = PBXFileReference; fileEncoding = 4; lastKnownFileType = text; path = 5Jamo.tsv; sourceTree = "<group>"; };
		738C80D6280D61D600D8FCA5 /* WordDict.swift */ = {isa = PBXFileReference; lastKnownFileType = sourcecode.swift; path = WordDict.swift; sourceTree = "<group>"; };
		738C80DA280D634C00D8FCA5 /* MainViewModel.swift */ = {isa = PBXFileReference; lastKnownFileType = sourcecode.swift; path = MainViewModel.swift; sourceTree = "<group>"; };
		73D66DB1280E825000313A7F /* MainView+TitleView.swift */ = {isa = PBXFileReference; lastKnownFileType = sourcecode.swift; path = "MainView+TitleView.swift"; sourceTree = "<group>"; };
		73D66DB4280E973300313A7F /* EBSL.ttf */ = {isa = PBXFileReference; lastKnownFileType = file; name = EBSL.ttf; path = Font/EBSL.ttf; sourceTree = SOURCE_ROOT; };
		73D66DB5280E973300313A7F /* EBS훈민정음SB.ttf */ = {isa = PBXFileReference; lastKnownFileType = file; name = "EBS훈민정음SB.ttf"; path = "Font/EBS훈민정음SB.ttf"; sourceTree = SOURCE_ROOT; };
		73D66DB6280E973300313A7F /* EBS훈민정음새론R.ttf */ = {isa = PBXFileReference; lastKnownFileType = file; name = "EBS훈민정음새론R.ttf"; path = "Font/EBS훈민정음새론R.ttf"; sourceTree = SOURCE_ROOT; };
		73D66DB7280E973300313A7F /* EBS훈민정음새론SB.ttf */ = {isa = PBXFileReference; lastKnownFileType = file; name = "EBS훈민정음새론SB.ttf"; path = "Font/EBS훈민정음새론SB.ttf"; sourceTree = SOURCE_ROOT; };
		73D66DBC280E98D500313A7F /* Info.plist */ = {isa = PBXFileReference; lastKnownFileType = text.plist; path = Info.plist; sourceTree = "<group>"; };
		73D66DBD280EA31000313A7F /* Launch Screen.storyboard */ = {isa = PBXFileReference; lastKnownFileType = file.storyboard; path = "Launch Screen.storyboard"; sourceTree = "<group>"; };
		73FD63AD27EDCF920041036F /* 한들.app */ = {isa = PBXFileReference; explicitFileType = wrapper.application; includeInIndex = 0; path = "한들.app"; sourceTree = BUILT_PRODUCTS_DIR; };
		73FD63B027EDCF920041036F /* kWordleApp.swift */ = {isa = PBXFileReference; lastKnownFileType = sourcecode.swift; path = kWordleApp.swift; sourceTree = "<group>"; };
		73FD63B427EDCF940041036F /* Assets.xcassets */ = {isa = PBXFileReference; lastKnownFileType = folder.assetcatalog; path = Assets.xcassets; sourceTree = "<group>"; };
		73FD63B727EDCF940041036F /* Preview Assets.xcassets */ = {isa = PBXFileReference; lastKnownFileType = folder.assetcatalog; path = "Preview Assets.xcassets"; sourceTree = "<group>"; };
		CC7C517C280E753200B739F3 /* Color+CustomColor.swift */ = {isa = PBXFileReference; lastKnownFileType = sourcecode.swift; path = "Color+CustomColor.swift"; sourceTree = "<group>"; };
		CC7C517E280EB51300B739F3 /* MainView+MenuBar.swift */ = {isa = PBXFileReference; lastKnownFileType = sourcecode.swift; path = "MainView+MenuBar.swift"; sourceTree = "<group>"; };
		CC7C5180280ECB6200B739F3 /* HowToPlayView.swift */ = {isa = PBXFileReference; lastKnownFileType = sourcecode.swift; path = HowToPlayView.swift; sourceTree = "<group>"; };
		CC7C5182280ECB8A00B739F3 /* StatisticView.swift */ = {isa = PBXFileReference; lastKnownFileType = sourcecode.swift; path = StatisticView.swift; sourceTree = "<group>"; };
		CC802750281266D600686A3A /* String+getChar.swift */ = {isa = PBXFileReference; lastKnownFileType = sourcecode.swift; path = "String+getChar.swift"; sourceTree = "<group>"; };
		CCDBBC7128100D4600563140 /* MainView+Toast.swift */ = {isa = PBXFileReference; lastKnownFileType = sourcecode.swift; path = "MainView+Toast.swift"; sourceTree = "<group>"; };
/* End PBXFileReference section */

/* Begin PBXFrameworksBuildPhase section */
		73FD63AA27EDCF920041036F /* Frameworks */ = {
			isa = PBXFrameworksBuildPhase;
			buildActionMask = 2147483647;
			files = (
				7384B9FB28168DDC00D14652 /* GoogleMobileAds in Frameworks */,
				733A74CB281290F900B49310 /* FirebaseAnalytics in Frameworks */,
				733A74CD281290F900B49310 /* FirebaseFirestore in Frameworks */,
			);
			runOnlyForDeploymentPostprocessing = 0;
		};
/* End PBXFrameworksBuildPhase section */

/* Begin PBXGroup section */
		737D4CCF28092F0B00CD8CBD /* ViewModel */ = {
			isa = PBXGroup;
			children = (
				737D4CDC2809324F00CD8CBD /* KeyboardViewModel.swift */,
				738C80DA280D634C00D8FCA5 /* MainViewModel.swift */,
				737D4CE528093C7200CD8CBD /* AnswerBoardViewModel.swift */,
			);
			path = ViewModel;
			sourceTree = "<group>";
		};
		737D4CD028092F1700CD8CBD /* Model */ = {
			isa = PBXGroup;
			children = (
				737D4CD228092F5D00CD8CBD /* Game.swift */,
				738C80D6280D61D600D8FCA5 /* WordDict.swift */,
				737D4CD428092F6C00CD8CBD /* Key.swift */,
				737D4CD628092F7F00CD8CBD /* Answer.swift */,
				737D4CE72809539D00CD8CBD /* WordDictManager.swift */,
				738C80CE280D424300D8FCA5 /* PersistenceController.swift */,
			);
			path = Model;
			sourceTree = "<group>";
		};
		737D4CD128092F3C00CD8CBD /* View */ = {
			isa = PBXGroup;
			children = (
				737D4CD82809322400CD8CBD /* KeyboardView.swift */,
				737D4CE128093C3600CD8CBD /* MainView.swift */,
				73036274281261E8002DCE6B /* DictView.swift */,
				737D4CE328093C6200CD8CBD /* AnswerBoardView.swift */,
				CC7C5180280ECB6200B739F3 /* HowToPlayView.swift */,
				CC7C5182280ECB8A00B739F3 /* StatisticView.swift */,
			);
			path = View;
			sourceTree = "<group>";
		};
		737D4CDE2809399600CD8CBD /* Constants */ = {
			isa = PBXGroup;
			children = (
				737D4CDF280939B500CD8CBD /* constant+UIscreenSize.swift */,
				CC7C517C280E753200B739F3 /* Color+CustomColor.swift */,
				CC802750281266D600686A3A /* String+getChar.swift */,
				7384B9FC28168E7300D14652 /* GoogleAds.swift */,
			);
			path = Constants;
			sourceTree = "<group>";
		};
		737D4CE9280954E300CD8CBD /* WordData */ = {
			isa = PBXGroup;
			children = (
				738C80D0280D473200D8FCA5 /* 5Jamo.tsv */,
			);
			path = WordData;
			sourceTree = "<group>";
		};
		73D66DB3280E971900313A7F /* Fonts */ = {
			isa = PBXGroup;
			children = (
				73D66DB4280E973300313A7F /* EBSL.ttf */,
				73D66DB6280E973300313A7F /* EBS훈민정음새론R.ttf */,
				73D66DB7280E973300313A7F /* EBS훈민정음새론SB.ttf */,
				73D66DB5280E973300313A7F /* EBS훈민정음SB.ttf */,
			);
			path = Fonts;
			sourceTree = "<group>";
		};
		73FD63A427EDCF920041036F = {
			isa = PBXGroup;
			children = (
				73FD63AF27EDCF920041036F /* kWordle */,
				73FD63AE27EDCF920041036F /* Products */,
			);
			sourceTree = "<group>";
		};
		73FD63AE27EDCF920041036F /* Products */ = {
			isa = PBXGroup;
			children = (
				73FD63AD27EDCF920041036F /* 한들.app */,
			);
			name = Products;
			sourceTree = "<group>";
		};
		73FD63AF27EDCF920041036F /* kWordle */ = {
			isa = PBXGroup;
			children = (
				7384B9F728168D7F00D14652 /* GoogleService-Info.plist */,
				73D66DBC280E98D500313A7F /* Info.plist */,
				73D66DB3280E971900313A7F /* Fonts */,
				737D4CE9280954E300CD8CBD /* WordData */,
				737D4CDE2809399600CD8CBD /* Constants */,
				737D4CD028092F1700CD8CBD /* Model */,
				737D4CD128092F3C00CD8CBD /* View */,
				CC63E4642811179800DBB2B5 /* Subview */,
				737D4CCF28092F0B00CD8CBD /* ViewModel */,
				738C80C9280D31B400D8FCA5 /* FiveWords.xcdatamodeld */,
				73FD63B027EDCF920041036F /* kWordleApp.swift */,
				737D4CC628092C2100CD8CBD /* .swiftlint.yml */,
				73FD63B427EDCF940041036F /* Assets.xcassets */,
				73FD63B627EDCF940041036F /* Preview Content */,
				73D66DBD280EA31000313A7F /* Launch Screen.storyboard */,
			);
			path = kWordle;
			sourceTree = "<group>";
		};
		73FD63B627EDCF940041036F /* Preview Content */ = {
			isa = PBXGroup;
			children = (
				73FD63B727EDCF940041036F /* Preview Assets.xcassets */,
			);
			path = "Preview Content";
			sourceTree = "<group>";
		};
		CC63E4642811179800DBB2B5 /* Subview */ = {
			isa = PBXGroup;
			children = (
				73D66DB1280E825000313A7F /* MainView+TitleView.swift */,
				CC7C517E280EB51300B739F3 /* MainView+MenuBar.swift */,
				CCDBBC7128100D4600563140 /* MainView+Toast.swift */,
			);
			path = Subview;
			sourceTree = "<group>";
		};
/* End PBXGroup section */

/* Begin PBXNativeTarget section */
		73FD63AC27EDCF920041036F /* 한들 */ = {
			isa = PBXNativeTarget;
			buildConfigurationList = 73FD63BB27EDCF940041036F /* Build configuration list for PBXNativeTarget "한들" */;
			buildPhases = (
				73FD63A927EDCF920041036F /* Sources */,
				73FD63AA27EDCF920041036F /* Frameworks */,
				73FD63AB27EDCF920041036F /* Resources */,
				737D4CCD28092DC100CD8CBD /* ShellScript */,
			);
			buildRules = (
			);
			dependencies = (
			);
			name = "한들";
			packageProductDependencies = (
				733A74CA281290F900B49310 /* FirebaseAnalytics */,
				733A74CC281290F900B49310 /* FirebaseFirestore */,
				7384B9FA28168DDC00D14652 /* GoogleMobileAds */,
			);
			productName = kWordle;
			productReference = 73FD63AD27EDCF920041036F /* 한들.app */;
			productType = "com.apple.product-type.application";
		};
/* End PBXNativeTarget section */

/* Begin PBXProject section */
		73FD63A527EDCF920041036F /* Project object */ = {
			isa = PBXProject;
			attributes = {
				BuildIndependentTargetsInParallel = 1;
				LastSwiftUpdateCheck = 1310;
				LastUpgradeCheck = 1310;
				TargetAttributes = {
					73FD63AC27EDCF920041036F = {
						CreatedOnToolsVersion = 13.1;
					};
				};
			};
			buildConfigurationList = 73FD63A827EDCF920041036F /* Build configuration list for PBXProject "kWordle" */;
			compatibilityVersion = "Xcode 13.0";
			developmentRegion = en;
			hasScannedForEncodings = 0;
			knownRegions = (
				en,
				Base,
			);
			mainGroup = 73FD63A427EDCF920041036F;
			packageReferences = (
				733A74C9281290F900B49310 /* XCRemoteSwiftPackageReference "firebase-ios-sdk" */,
				7384B9F928168DDC00D14652 /* XCRemoteSwiftPackageReference "GoogleMobileAds" */,
			);
			productRefGroup = 73FD63AE27EDCF920041036F /* Products */;
			projectDirPath = "";
			projectRoot = "";
			targets = (
				73FD63AC27EDCF920041036F /* 한들 */,
			);
		};
/* End PBXProject section */

/* Begin PBXResourcesBuildPhase section */
		73FD63AB27EDCF920041036F /* Resources */ = {
			isa = PBXResourcesBuildPhase;
			buildActionMask = 2147483647;
			files = (
				737D4CC728092C2100CD8CBD /* .swiftlint.yml in Resources */,
				73D66DB9280E973300313A7F /* EBS훈민정음SB.ttf in Resources */,
				73FD63B827EDCF940041036F /* Preview Assets.xcassets in Resources */,
				73D66DBE280EA31000313A7F /* Launch Screen.storyboard in Resources */,
				73D66DBA280E973300313A7F /* EBS훈민정음새론R.ttf in Resources */,
				73D66DBB280E973300313A7F /* EBS훈민정음새론SB.ttf in Resources */,
				73FD63B527EDCF940041036F /* Assets.xcassets in Resources */,
				7384B9F828168D7F00D14652 /* GoogleService-Info.plist in Resources */,
				73D66DB8280E973300313A7F /* EBSL.ttf in Resources */,
				738C80D1280D473200D8FCA5 /* 5Jamo.tsv in Resources */,
			);
			runOnlyForDeploymentPostprocessing = 0;
		};
/* End PBXResourcesBuildPhase section */

/* Begin PBXShellScriptBuildPhase section */
		737D4CCD28092DC100CD8CBD /* ShellScript */ = {
			isa = PBXShellScriptBuildPhase;
			buildActionMask = 2147483647;
			files = (
			);
			inputFileListPaths = (
			);
			inputPaths = (
			);
			outputFileListPaths = (
			);
			outputPaths = (
			);
			runOnlyForDeploymentPostprocessing = 0;
			shellPath = /bin/sh;
			shellScript = "# Type a script or drag a script file from your workspace to insert its path.\nif which swiftlint >/dev/null; then\n  swiftlint\nelse\n  echo \"warning: SwiftLint not installed, download from https://github.com/realm/SwiftLint\"\nfi\n";
		};
/* End PBXShellScriptBuildPhase section */

/* Begin PBXSourcesBuildPhase section */
		73FD63A927EDCF920041036F /* Sources */ = {
			isa = PBXSourcesBuildPhase;
			buildActionMask = 2147483647;
			files = (
				CC7C517F280EB51300B739F3 /* MainView+MenuBar.swift in Sources */,
				CC7C5183280ECB8A00B739F3 /* StatisticView.swift in Sources */,
				737D4CD528092F6C00CD8CBD /* Key.swift in Sources */,
				738C80D7280D61D600D8FCA5 /* WordDict.swift in Sources */,
				737D4CE628093C7200CD8CBD /* AnswerBoardViewModel.swift in Sources */,
				CC7C5181280ECB6200B739F3 /* HowToPlayView.swift in Sources */,
				737D4CE228093C3600CD8CBD /* MainView.swift in Sources */,
				737D4CD728092F7F00CD8CBD /* Answer.swift in Sources */,
				CC7C517D280E753200B739F3 /* Color+CustomColor.swift in Sources */,
				738C80DB280D634C00D8FCA5 /* MainViewModel.swift in Sources */,
				737D4CD328092F5D00CD8CBD /* Game.swift in Sources */,
				737D4CE82809539D00CD8CBD /* WordDictManager.swift in Sources */,
				CCDBBC7228100D4600563140 /* MainView+Toast.swift in Sources */,
				737D4CE0280939B500CD8CBD /* constant+UIscreenSize.swift in Sources */,
				73036275281261E8002DCE6B /* DictView.swift in Sources */,
				7384B9FD28168E7300D14652 /* GoogleAds.swift in Sources */,
				737D4CE428093C6200CD8CBD /* AnswerBoardView.swift in Sources */,
				738C80CB280D31B400D8FCA5 /* FiveWords.xcdatamodeld in Sources */,
				73D66DB2280E825000313A7F /* MainView+TitleView.swift in Sources */,
				737D4CD92809322400CD8CBD /* KeyboardView.swift in Sources */,
				738C80CF280D424300D8FCA5 /* PersistenceController.swift in Sources */,
				737D4CDD2809324F00CD8CBD /* KeyboardViewModel.swift in Sources */,
				73FD63B127EDCF920041036F /* kWordleApp.swift in Sources */,
				CC802751281266D600686A3A /* String+getChar.swift in Sources */,
			);
			runOnlyForDeploymentPostprocessing = 0;
		};
/* End PBXSourcesBuildPhase section */

/* Begin XCBuildConfiguration section */
		73FD63B927EDCF940041036F /* Debug */ = {
			isa = XCBuildConfiguration;
			buildSettings = {
				ALWAYS_SEARCH_USER_PATHS = NO;
				CLANG_ANALYZER_NONNULL = YES;
				CLANG_ANALYZER_NUMBER_OBJECT_CONVERSION = YES_AGGRESSIVE;
				CLANG_CXX_LANGUAGE_STANDARD = "gnu++17";
				CLANG_CXX_LIBRARY = "libc++";
				CLANG_ENABLE_MODULES = YES;
				CLANG_ENABLE_OBJC_ARC = YES;
				CLANG_ENABLE_OBJC_WEAK = YES;
				CLANG_WARN_BLOCK_CAPTURE_AUTORELEASING = YES;
				CLANG_WARN_BOOL_CONVERSION = YES;
				CLANG_WARN_COMMA = YES;
				CLANG_WARN_CONSTANT_CONVERSION = YES;
				CLANG_WARN_DEPRECATED_OBJC_IMPLEMENTATIONS = YES;
				CLANG_WARN_DIRECT_OBJC_ISA_USAGE = YES_ERROR;
				CLANG_WARN_DOCUMENTATION_COMMENTS = YES;
				CLANG_WARN_EMPTY_BODY = YES;
				CLANG_WARN_ENUM_CONVERSION = YES;
				CLANG_WARN_INFINITE_RECURSION = YES;
				CLANG_WARN_INT_CONVERSION = YES;
				CLANG_WARN_NON_LITERAL_NULL_CONVERSION = YES;
				CLANG_WARN_OBJC_IMPLICIT_RETAIN_SELF = YES;
				CLANG_WARN_OBJC_LITERAL_CONVERSION = YES;
				CLANG_WARN_OBJC_ROOT_CLASS = YES_ERROR;
				CLANG_WARN_QUOTED_INCLUDE_IN_FRAMEWORK_HEADER = YES;
				CLANG_WARN_RANGE_LOOP_ANALYSIS = YES;
				CLANG_WARN_STRICT_PROTOTYPES = YES;
				CLANG_WARN_SUSPICIOUS_MOVE = YES;
				CLANG_WARN_UNGUARDED_AVAILABILITY = YES_AGGRESSIVE;
				CLANG_WARN_UNREACHABLE_CODE = YES;
				CLANG_WARN__DUPLICATE_METHOD_MATCH = YES;
				COPY_PHASE_STRIP = NO;
				DEBUG_INFORMATION_FORMAT = dwarf;
				ENABLE_STRICT_OBJC_MSGSEND = YES;
				ENABLE_TESTABILITY = YES;
				GCC_C_LANGUAGE_STANDARD = gnu11;
				GCC_DYNAMIC_NO_PIC = NO;
				GCC_NO_COMMON_BLOCKS = YES;
				GCC_OPTIMIZATION_LEVEL = 0;
				GCC_PREPROCESSOR_DEFINITIONS = (
					"DEBUG=1",
					"$(inherited)",
				);
				GCC_WARN_64_TO_32_BIT_CONVERSION = YES;
				GCC_WARN_ABOUT_RETURN_TYPE = YES_ERROR;
				GCC_WARN_UNDECLARED_SELECTOR = YES;
				GCC_WARN_UNINITIALIZED_AUTOS = YES_AGGRESSIVE;
				GCC_WARN_UNUSED_FUNCTION = YES;
				GCC_WARN_UNUSED_VARIABLE = YES;
				IPHONEOS_DEPLOYMENT_TARGET = 14.0;
				MTL_ENABLE_DEBUG_INFO = INCLUDE_SOURCE;
				MTL_FAST_MATH = YES;
				ONLY_ACTIVE_ARCH = YES;
				SDKROOT = iphoneos;
				SWIFT_ACTIVE_COMPILATION_CONDITIONS = DEBUG;
				SWIFT_OPTIMIZATION_LEVEL = "-Onone";
			};
			name = Debug;
		};
		73FD63BA27EDCF940041036F /* Release */ = {
			isa = XCBuildConfiguration;
			buildSettings = {
				ALWAYS_SEARCH_USER_PATHS = NO;
				CLANG_ANALYZER_NONNULL = YES;
				CLANG_ANALYZER_NUMBER_OBJECT_CONVERSION = YES_AGGRESSIVE;
				CLANG_CXX_LANGUAGE_STANDARD = "gnu++17";
				CLANG_CXX_LIBRARY = "libc++";
				CLANG_ENABLE_MODULES = YES;
				CLANG_ENABLE_OBJC_ARC = YES;
				CLANG_ENABLE_OBJC_WEAK = YES;
				CLANG_WARN_BLOCK_CAPTURE_AUTORELEASING = YES;
				CLANG_WARN_BOOL_CONVERSION = YES;
				CLANG_WARN_COMMA = YES;
				CLANG_WARN_CONSTANT_CONVERSION = YES;
				CLANG_WARN_DEPRECATED_OBJC_IMPLEMENTATIONS = YES;
				CLANG_WARN_DIRECT_OBJC_ISA_USAGE = YES_ERROR;
				CLANG_WARN_DOCUMENTATION_COMMENTS = YES;
				CLANG_WARN_EMPTY_BODY = YES;
				CLANG_WARN_ENUM_CONVERSION = YES;
				CLANG_WARN_INFINITE_RECURSION = YES;
				CLANG_WARN_INT_CONVERSION = YES;
				CLANG_WARN_NON_LITERAL_NULL_CONVERSION = YES;
				CLANG_WARN_OBJC_IMPLICIT_RETAIN_SELF = YES;
				CLANG_WARN_OBJC_LITERAL_CONVERSION = YES;
				CLANG_WARN_OBJC_ROOT_CLASS = YES_ERROR;
				CLANG_WARN_QUOTED_INCLUDE_IN_FRAMEWORK_HEADER = YES;
				CLANG_WARN_RANGE_LOOP_ANALYSIS = YES;
				CLANG_WARN_STRICT_PROTOTYPES = YES;
				CLANG_WARN_SUSPICIOUS_MOVE = YES;
				CLANG_WARN_UNGUARDED_AVAILABILITY = YES_AGGRESSIVE;
				CLANG_WARN_UNREACHABLE_CODE = YES;
				CLANG_WARN__DUPLICATE_METHOD_MATCH = YES;
				COPY_PHASE_STRIP = NO;
				DEBUG_INFORMATION_FORMAT = "dwarf-with-dsym";
				ENABLE_NS_ASSERTIONS = NO;
				ENABLE_STRICT_OBJC_MSGSEND = YES;
				GCC_C_LANGUAGE_STANDARD = gnu11;
				GCC_NO_COMMON_BLOCKS = YES;
				GCC_WARN_64_TO_32_BIT_CONVERSION = YES;
				GCC_WARN_ABOUT_RETURN_TYPE = YES_ERROR;
				GCC_WARN_UNDECLARED_SELECTOR = YES;
				GCC_WARN_UNINITIALIZED_AUTOS = YES_AGGRESSIVE;
				GCC_WARN_UNUSED_FUNCTION = YES;
				GCC_WARN_UNUSED_VARIABLE = YES;
				IPHONEOS_DEPLOYMENT_TARGET = 14.0;
				MTL_ENABLE_DEBUG_INFO = NO;
				MTL_FAST_MATH = YES;
				SDKROOT = iphoneos;
				SWIFT_COMPILATION_MODE = wholemodule;
				SWIFT_OPTIMIZATION_LEVEL = "-O";
				VALIDATE_PRODUCT = YES;
			};
			name = Release;
		};
		73FD63BC27EDCF940041036F /* Debug */ = {
			isa = XCBuildConfiguration;
			buildSettings = {
				ASSETCATALOG_COMPILER_APPICON_NAME = AppIcon;
				ASSETCATALOG_COMPILER_GLOBAL_ACCENT_COLOR_NAME = AccentColor;
				CODE_SIGN_STYLE = Automatic;
				CURRENT_PROJECT_VERSION = 1;
				DEVELOPMENT_ASSET_PATHS = "\"kWordle/Preview Content\"";
				DEVELOPMENT_TEAM = 9TH57H8UP9;
				ENABLE_PREVIEWS = YES;
				GENERATE_INFOPLIST_FILE = YES;
				INFOPLIST_FILE = kWordle/Info.plist;
				INFOPLIST_KEY_CFBundleDisplayName = "한들";
				INFOPLIST_KEY_UIApplicationSceneManifest_Generation = YES;
				INFOPLIST_KEY_UIApplicationSupportsIndirectInputEvents = YES;
				INFOPLIST_KEY_UILaunchStoryboardName = "Launch Screen";
				INFOPLIST_KEY_UISupportedInterfaceOrientations = UIInterfaceOrientationPortrait;
				INFOPLIST_KEY_UISupportedInterfaceOrientations_iPad = "UIInterfaceOrientationPortrait UIInterfaceOrientationPortraitUpsideDown UIInterfaceOrientationLandscapeLeft UIInterfaceOrientationLandscapeRight";
				INFOPLIST_KEY_UISupportedInterfaceOrientations_iPhone = "UIInterfaceOrientationPortrait UIInterfaceOrientationLandscapeLeft UIInterfaceOrientationLandscapeRight";
				IPHONEOS_DEPLOYMENT_TARGET = 14.0;
				LD_RUNPATH_SEARCH_PATHS = (
					"$(inherited)",
					"@executable_path/Frameworks",
				);
				MARKETING_VERSION = 1.0;
				OTHER_LDFLAGS = "-ObjC";
				PRODUCT_BUNDLE_IDENTIFIER = com.game.handeul;
				PRODUCT_NAME = "$(TARGET_NAME)";
				SWIFT_EMIT_LOC_STRINGS = YES;
				SWIFT_VERSION = 5.0;
				TARGETED_DEVICE_FAMILY = 1;
			};
			name = Debug;
		};
		73FD63BD27EDCF940041036F /* Release */ = {
			isa = XCBuildConfiguration;
			buildSettings = {
				ASSETCATALOG_COMPILER_APPICON_NAME = AppIcon;
				ASSETCATALOG_COMPILER_GLOBAL_ACCENT_COLOR_NAME = AccentColor;
				CODE_SIGN_STYLE = Automatic;
				CURRENT_PROJECT_VERSION = 1;
				DEVELOPMENT_ASSET_PATHS = "\"kWordle/Preview Content\"";
				DEVELOPMENT_TEAM = 9TH57H8UP9;
				ENABLE_PREVIEWS = YES;
				GENERATE_INFOPLIST_FILE = YES;
				INFOPLIST_FILE = kWordle/Info.plist;
				INFOPLIST_KEY_CFBundleDisplayName = "한들";
				INFOPLIST_KEY_UIApplicationSceneManifest_Generation = YES;
				INFOPLIST_KEY_UIApplicationSupportsIndirectInputEvents = YES;
				INFOPLIST_KEY_UILaunchStoryboardName = "Launch Screen";
				INFOPLIST_KEY_UISupportedInterfaceOrientations = UIInterfaceOrientationPortrait;
				INFOPLIST_KEY_UISupportedInterfaceOrientations_iPad = "UIInterfaceOrientationPortrait UIInterfaceOrientationPortraitUpsideDown UIInterfaceOrientationLandscapeLeft UIInterfaceOrientationLandscapeRight";
				INFOPLIST_KEY_UISupportedInterfaceOrientations_iPhone = "UIInterfaceOrientationPortrait UIInterfaceOrientationLandscapeLeft UIInterfaceOrientationLandscapeRight";
				IPHONEOS_DEPLOYMENT_TARGET = 14.0;
				LD_RUNPATH_SEARCH_PATHS = (
					"$(inherited)",
					"@executable_path/Frameworks",
				);
				MARKETING_VERSION = 1.0;
				OTHER_LDFLAGS = "-ObjC";
				PRODUCT_BUNDLE_IDENTIFIER = com.game.handeul;
				PRODUCT_NAME = "$(TARGET_NAME)";
				SWIFT_EMIT_LOC_STRINGS = YES;
				SWIFT_VERSION = 5.0;
				TARGETED_DEVICE_FAMILY = 1;
			};
			name = Release;
		};
/* End XCBuildConfiguration section */

/* Begin XCConfigurationList section */
		73FD63A827EDCF920041036F /* Build configuration list for PBXProject "kWordle" */ = {
			isa = XCConfigurationList;
			buildConfigurations = (
				73FD63B927EDCF940041036F /* Debug */,
				73FD63BA27EDCF940041036F /* Release */,
			);
			defaultConfigurationIsVisible = 0;
			defaultConfigurationName = Release;
		};
		73FD63BB27EDCF940041036F /* Build configuration list for PBXNativeTarget "한들" */ = {
			isa = XCConfigurationList;
			buildConfigurations = (
				73FD63BC27EDCF940041036F /* Debug */,
				73FD63BD27EDCF940041036F /* Release */,
			);
			defaultConfigurationIsVisible = 0;
			defaultConfigurationName = Release;
		};
/* End XCConfigurationList section */

/* Begin XCRemoteSwiftPackageReference section */
		733A74C9281290F900B49310 /* XCRemoteSwiftPackageReference "firebase-ios-sdk" */ = {
			isa = XCRemoteSwiftPackageReference;
			repositoryURL = "https://github.com/firebase/firebase-ios-sdk.git";
			requirement = {
				kind = upToNextMajorVersion;
				minimumVersion = 8.0.0;
			};
		};
		7384B9F928168DDC00D14652 /* XCRemoteSwiftPackageReference "GoogleMobileAds" */ = {
			isa = XCRemoteSwiftPackageReference;
			repositoryURL = "https://github.com/quanghits/GoogleMobileAds.git";
			requirement = {
				kind = upToNextMajorVersion;
				minimumVersion = 9.0.0;
			};
		};
/* End XCRemoteSwiftPackageReference section */

/* Begin XCSwiftPackageProductDependency section */
		733A74CA281290F900B49310 /* FirebaseAnalytics */ = {
			isa = XCSwiftPackageProductDependency;
			package = 733A74C9281290F900B49310 /* XCRemoteSwiftPackageReference "firebase-ios-sdk" */;
			productName = FirebaseAnalytics;
		};
		733A74CC281290F900B49310 /* FirebaseFirestore */ = {
			isa = XCSwiftPackageProductDependency;
			package = 733A74C9281290F900B49310 /* XCRemoteSwiftPackageReference "firebase-ios-sdk" */;
			productName = FirebaseFirestore;
		};
		7384B9FA28168DDC00D14652 /* GoogleMobileAds */ = {
			isa = XCSwiftPackageProductDependency;
			package = 7384B9F928168DDC00D14652 /* XCRemoteSwiftPackageReference "GoogleMobileAds" */;
			productName = GoogleMobileAds;
		};
/* End XCSwiftPackageProductDependency section */

/* Begin XCVersionGroup section */
		738C80C9280D31B400D8FCA5 /* FiveWords.xcdatamodeld */ = {
			isa = XCVersionGroup;
			children = (
				738C80CA280D31B400D8FCA5 /* CoreData.xcdatamodel */,
			);
			currentVersion = 738C80CA280D31B400D8FCA5 /* CoreData.xcdatamodel */;
			path = FiveWords.xcdatamodeld;
			sourceTree = "<group>";
			versionGroupType = wrapper.xcdatamodel;
		};
/* End XCVersionGroup section */
	};
	rootObject = 73FD63A527EDCF920041036F /* Project object */;
}
