// !$*UTF8*$!
{
	archiveVersion = 1;
	classes = {
	};
	objectVersion = 55;
	objects = {

/* Begin PBXBuildFile section */
		73036275281261E8002DCE6B /* DictView.swift in Sources */ = {isa = PBXBuildFile; fileRef = 73036274281261E8002DCE6B /* DictView.swift */; };
		7322469D2816DBFD00024ED2 /* GoogleAdsViewModel.swift in Sources */ = {isa = PBXBuildFile; fileRef = 7322469C2816DBFD00024ED2 /* GoogleAdsViewModel.swift */; };
		73282903281A872A00A55F77 /* RandomNumberGeneratorWithSeed.swift in Sources */ = {isa = PBXBuildFile; fileRef = 73282902281A872A00A55F77 /* RandomNumberGeneratorWithSeed.swift */; };
		73282905281AB03E00A55F77 /* requestPermission.swift in Sources */ = {isa = PBXBuildFile; fileRef = 73282904281AB03E00A55F77 /* requestPermission.swift */; };
		733A74CB281290F900B49310 /* FirebaseAnalytics in Frameworks */ = {isa = PBXBuildFile; productRef = 733A74CA281290F900B49310 /* FirebaseAnalytics */; };
		733A74CD281290F900B49310 /* FirebaseFirestore in Frameworks */ = {isa = PBXBuildFile; productRef = 733A74CC281290F900B49310 /* FirebaseFirestore */; };
		737D4CC728092C2100CD8CBD /* .swiftlint.yml in Resources */ = {isa = PBXBuildFile; fileRef = 737D4CC628092C2100CD8CBD /* .swiftlint.yml */; };
		737D4CD328092F5D00CD8CBD /* Game.swift in Sources */ = {isa = PBXBuildFile; fileRef = 737D4CD228092F5D00CD8CBD /* Game.swift */; };
		737D4CD528092F6C00CD8CBD /* Key.swift in Sources */ = {isa = PBXBuildFile; fileRef = 737D4CD428092F6C00CD8CBD /* Key.swift */; };
		737D4CD92809322400CD8CBD /* KeyboardView.swift in Sources */ = {isa = PBXBuildFile; fileRef = 737D4CD82809322400CD8CBD /* KeyboardView.swift */; };
		737D4CE0280939B500CD8CBD /* constant+UIscreenSize.swift in Sources */ = {isa = PBXBuildFile; fileRef = 737D4CDF280939B500CD8CBD /* constant+UIscreenSize.swift */; };
		737D4CE228093C3600CD8CBD /* MainView.swift in Sources */ = {isa = PBXBuildFile; fileRef = 737D4CE128093C3600CD8CBD /* MainView.swift */; };
		737D4CE428093C6200CD8CBD /* AnswerBoardView.swift in Sources */ = {isa = PBXBuildFile; fileRef = 737D4CE328093C6200CD8CBD /* AnswerBoardView.swift */; };
		737D4CE82809539D00CD8CBD /* WordDictManager.swift in Sources */ = {isa = PBXBuildFile; fileRef = 737D4CE72809539D00CD8CBD /* WordDictManager.swift */; };
		7384B9FB28168DDC00D14652 /* GoogleMobileAds in Frameworks */ = {isa = PBXBuildFile; productRef = 7384B9FA28168DDC00D14652 /* GoogleMobileAds */; };
		7384B9FD28168E7300D14652 /* GoogleAds.swift in Sources */ = {isa = PBXBuildFile; fileRef = 7384B9FC28168E7300D14652 /* GoogleAds.swift */; };
		738C80D1280D473200D8FCA5 /* 5Jamo.tsv in Resources */ = {isa = PBXBuildFile; fileRef = 738C80D0280D473200D8FCA5 /* 5Jamo.tsv */; };
		738C80D7280D61D600D8FCA5 /* WordDict.swift in Sources */ = {isa = PBXBuildFile; fileRef = 738C80D6280D61D600D8FCA5 /* WordDict.swift */; };
		738C80DB280D634C00D8FCA5 /* MainViewModel.swift in Sources */ = {isa = PBXBuildFile; fileRef = 738C80DA280D634C00D8FCA5 /* MainViewModel.swift */; };
		73C3CE96281A4FCE008DA8AA /* StatisticsView.swift in Sources */ = {isa = PBXBuildFile; fileRef = 73C3CE95281A4FCE008DA8AA /* StatisticsView.swift */; };
		73CB2E4128197C6700EB87B6 /* SettingToggleStyle.swift in Sources */ = {isa = PBXBuildFile; fileRef = 73CB2E4028197C6700EB87B6 /* SettingToggleStyle.swift */; };
		73D66DB2280E825000313A7F /* TitleView.swift in Sources */ = {isa = PBXBuildFile; fileRef = 73D66DB1280E825000313A7F /* TitleView.swift */; };
		73D66DB8280E973300313A7F /* EBSL.ttf in Resources */ = {isa = PBXBuildFile; fileRef = 73D66DB4280E973300313A7F /* EBSL.ttf */; };
		73D66DB9280E973300313A7F /* EBS훈민정음SB.ttf in Resources */ = {isa = PBXBuildFile; fileRef = 73D66DB5280E973300313A7F /* EBS훈민정음SB.ttf */; };
		73D66DBA280E973300313A7F /* EBS훈민정음새론R.ttf in Resources */ = {isa = PBXBuildFile; fileRef = 73D66DB6280E973300313A7F /* EBS훈민정음새론R.ttf */; };
		73D66DBB280E973300313A7F /* EBS훈민정음새론SB.ttf in Resources */ = {isa = PBXBuildFile; fileRef = 73D66DB7280E973300313A7F /* EBS훈민정음새론SB.ttf */; };
		73D66DBE280EA31000313A7F /* Launch Screen.storyboard in Resources */ = {isa = PBXBuildFile; fileRef = 73D66DBD280EA31000313A7F /* Launch Screen.storyboard */; };
		73F23E7828196257009A5DEC /* NotificationManager.swift in Sources */ = {isa = PBXBuildFile; fileRef = 73F23E7728196257009A5DEC /* NotificationManager.swift */; };
		73F23E7A281962C1009A5DEC /* NotificationCell.swift in Sources */ = {isa = PBXBuildFile; fileRef = 73F23E79281962C1009A5DEC /* NotificationCell.swift */; };
		73F23E7C28196315009A5DEC /* Message.swift in Sources */ = {isa = PBXBuildFile; fileRef = 73F23E7B28196315009A5DEC /* Message.swift */; };
		73F23E7E28196443009A5DEC /* SettingView.swift in Sources */ = {isa = PBXBuildFile; fileRef = 73F23E7D28196443009A5DEC /* SettingView.swift */; };
		73FD63B127EDCF920041036F /* kWordleApp.swift in Sources */ = {isa = PBXBuildFile; fileRef = 73FD63B027EDCF920041036F /* kWordleApp.swift */; };
		73FD63B527EDCF940041036F /* Assets.xcassets in Resources */ = {isa = PBXBuildFile; fileRef = 73FD63B427EDCF940041036F /* Assets.xcassets */; };
		73FD63B827EDCF940041036F /* Preview Assets.xcassets in Resources */ = {isa = PBXBuildFile; fileRef = 73FD63B727EDCF940041036F /* Preview Assets.xcassets */; };
		CC1BB899281AE13800BAA6FA /* HapticsManager.swift in Sources */ = {isa = PBXBuildFile; fileRef = CC1BB898281AE13800BAA6FA /* HapticsManager.swift */; };
		CC29723229AB4C46006D2E44 /* Lottie in Frameworks */ = {isa = PBXBuildFile; productRef = CC29723129AB4C46006D2E44 /* Lottie */; };
		CC29723929AB510B006D2E44 /* LottieView.swift in Sources */ = {isa = PBXBuildFile; fileRef = CC29723829AB510B006D2E44 /* LottieView.swift */; };
		CC29723D29AB516C006D2E44 /* win.json in Resources */ = {isa = PBXBuildFile; fileRef = CC29723B29AB516B006D2E44 /* win.json */; };
		CC29723E29AB516C006D2E44 /* win_color_weak.json in Resources */ = {isa = PBXBuildFile; fileRef = CC29723C29AB516B006D2E44 /* win_color_weak.json */; };
		CC29724629AB7F70006D2E44 /* lose.json in Resources */ = {isa = PBXBuildFile; fileRef = CC29724529AB7F70006D2E44 /* lose.json */; };
		CC49B36C2819628A000CDC34 /* .gitattributes in Resources */ = {isa = PBXBuildFile; fileRef = CC49B36B2819628A000CDC34 /* .gitattributes */; };
		CC57AF282816C695001675CD /* KeyBoard.swift in Sources */ = {isa = PBXBuildFile; fileRef = CC57AF272816C695001675CD /* KeyBoard.swift */; };
		CC64209A2843307D00851A22 /* Localizable.strings in Resources */ = {isa = PBXBuildFile; fileRef = CC6420982843307D00851A22 /* Localizable.strings */; };
		CC64209D284341AF00851A22 /* HowToPlayText.swift in Sources */ = {isa = PBXBuildFile; fileRef = CC64209C284341AE00851A22 /* HowToPlayText.swift */; };
		CC69C354281A9DCF00F6805E /* Dates.swift in Sources */ = {isa = PBXBuildFile; fileRef = CC69C353281A9DCF00F6805E /* Dates.swift */; };
		CC724BCF2824DB3D000620F6 /* HowToPlayOnFirstLaunch.swift in Sources */ = {isa = PBXBuildFile; fileRef = CC724BCE2824DB3D000620F6 /* HowToPlayOnFirstLaunch.swift */; };
		CC7C517D280E753200B739F3 /* Color+CustomColor.swift in Sources */ = {isa = PBXBuildFile; fileRef = CC7C517C280E753200B739F3 /* Color+CustomColor.swift */; };
		CC7C517F280EB51300B739F3 /* MenuBar.swift in Sources */ = {isa = PBXBuildFile; fileRef = CC7C517E280EB51300B739F3 /* MenuBar.swift */; };
		CC7C5181280ECB6200B739F3 /* HowToPlayView.swift in Sources */ = {isa = PBXBuildFile; fileRef = CC7C5180280ECB6200B739F3 /* HowToPlayView.swift */; };
		CC7D1D4828169AAB00CD7BFD /* Realm in Frameworks */ = {isa = PBXBuildFile; productRef = CC7D1D4728169AAB00CD7BFD /* Realm */; };
		CC7D1D4A28169AAB00CD7BFD /* RealmSwift in Frameworks */ = {isa = PBXBuildFile; productRef = CC7D1D4928169AAB00CD7BFD /* RealmSwift */; };
		CC802751281266D600686A3A /* String+getChar.swift in Sources */ = {isa = PBXBuildFile; fileRef = CC802750281266D600686A3A /* String+getChar.swift */; };
		CCA23973281A682000CCAD0E /* MailView.swift in Sources */ = {isa = PBXBuildFile; fileRef = CCA23972281A682000CCAD0E /* MailView.swift */; };
		CCCA07C029AF3A1F004F0881 /* GoogleService-Info.plist in Resources */ = {isa = PBXBuildFile; fileRef = CCCA07BF29AF3A1E004F0881 /* GoogleService-Info.plist */; };
		CCCA07C629AF4ECC004F0881 /* SettingButtonView.swift in Sources */ = {isa = PBXBuildFile; fileRef = CCCA07C529AF4ECC004F0881 /* SettingButtonView.swift */; };
		CCCA07CF29B70A5C004F0881 /* Horline.swift in Sources */ = {isa = PBXBuildFile; fileRef = CCCA07CE29B70A5C004F0881 /* Horline.swift */; };
		CCCA07D129B70C55004F0881 /* GameNumberView.swift in Sources */ = {isa = PBXBuildFile; fileRef = CCCA07D029B70C55004F0881 /* GameNumberView.swift */; };
		CCDBBC7228100D4600563140 /* ToastView.swift in Sources */ = {isa = PBXBuildFile; fileRef = CCDBBC7128100D4600563140 /* ToastView.swift */; };
		CCFBDB422817BBAD006674A3 /* Persistable.swift in Sources */ = {isa = PBXBuildFile; fileRef = CCFBDB412817BBAD006674A3 /* Persistable.swift */; };
		CCFBDB442817C62E006674A3 /* Game+Persisted.swift in Sources */ = {isa = PBXBuildFile; fileRef = CCFBDB432817C62E006674A3 /* Game+Persisted.swift */; };
		CCFBDB462817D022006674A3 /* RealmManager.swift in Sources */ = {isa = PBXBuildFile; fileRef = CCFBDB452817D022006674A3 /* RealmManager.swift */; };
		CCFBDB482817F42B006674A3 /* Statistics.swift in Sources */ = {isa = PBXBuildFile; fileRef = CCFBDB472817F42B006674A3 /* Statistics.swift */; };
		CCFBDB4A2817FB28006674A3 /* StatisticsViewModel.swift in Sources */ = {isa = PBXBuildFile; fileRef = CCFBDB492817FB28006674A3 /* StatisticsViewModel.swift */; };
		DBBBF407299617F600ADBAEF /* GoogleService-Info.plist.template in Resources */ = {isa = PBXBuildFile; fileRef = DBBBF406299617F600ADBAEF /* GoogleService-Info.plist.template */; };
		DBBBF4092996199C00ADBAEF /* ci_pre_xcodebuild.sh in Resources */ = {isa = PBXBuildFile; fileRef = DBBBF4082996199C00ADBAEF /* ci_pre_xcodebuild.sh */; };
		DBDE27AF299F600C00841CF7 /* LifeView.swift in Sources */ = {isa = PBXBuildFile; fileRef = DBDE27AE299F600C00841CF7 /* LifeView.swift */; };
/* End PBXBuildFile section */

/* Begin PBXFileReference section */
		73036274281261E8002DCE6B /* DictView.swift */ = {isa = PBXFileReference; lastKnownFileType = sourcecode.swift; path = DictView.swift; sourceTree = "<group>"; };
		7322469C2816DBFD00024ED2 /* GoogleAdsViewModel.swift */ = {isa = PBXFileReference; lastKnownFileType = sourcecode.swift; path = GoogleAdsViewModel.swift; sourceTree = "<group>"; };
		73282902281A872A00A55F77 /* RandomNumberGeneratorWithSeed.swift */ = {isa = PBXFileReference; lastKnownFileType = sourcecode.swift; path = RandomNumberGeneratorWithSeed.swift; sourceTree = "<group>"; };
		73282904281AB03E00A55F77 /* requestPermission.swift */ = {isa = PBXFileReference; lastKnownFileType = sourcecode.swift; path = requestPermission.swift; sourceTree = "<group>"; };
		737D4CC628092C2100CD8CBD /* .swiftlint.yml */ = {isa = PBXFileReference; lastKnownFileType = text.yaml; path = .swiftlint.yml; sourceTree = "<group>"; };
		737D4CD228092F5D00CD8CBD /* Game.swift */ = {isa = PBXFileReference; lastKnownFileType = sourcecode.swift; path = Game.swift; sourceTree = "<group>"; };
		737D4CD428092F6C00CD8CBD /* Key.swift */ = {isa = PBXFileReference; lastKnownFileType = sourcecode.swift; path = Key.swift; sourceTree = "<group>"; };
		737D4CD82809322400CD8CBD /* KeyboardView.swift */ = {isa = PBXFileReference; lastKnownFileType = sourcecode.swift; path = KeyboardView.swift; sourceTree = "<group>"; };
		737D4CDF280939B500CD8CBD /* constant+UIscreenSize.swift */ = {isa = PBXFileReference; lastKnownFileType = sourcecode.swift; path = "constant+UIscreenSize.swift"; sourceTree = "<group>"; };
		737D4CE128093C3600CD8CBD /* MainView.swift */ = {isa = PBXFileReference; lastKnownFileType = sourcecode.swift; path = MainView.swift; sourceTree = "<group>"; };
		737D4CE328093C6200CD8CBD /* AnswerBoardView.swift */ = {isa = PBXFileReference; lastKnownFileType = sourcecode.swift; path = AnswerBoardView.swift; sourceTree = "<group>"; };
		737D4CE72809539D00CD8CBD /* WordDictManager.swift */ = {isa = PBXFileReference; lastKnownFileType = sourcecode.swift; path = WordDictManager.swift; sourceTree = "<group>"; };
		7384B9FC28168E7300D14652 /* GoogleAds.swift */ = {isa = PBXFileReference; lastKnownFileType = sourcecode.swift; path = GoogleAds.swift; sourceTree = "<group>"; };
		738C80D0280D473200D8FCA5 /* 5Jamo.tsv */ = {isa = PBXFileReference; fileEncoding = 4; lastKnownFileType = text; path = 5Jamo.tsv; sourceTree = "<group>"; };
		738C80D6280D61D600D8FCA5 /* WordDict.swift */ = {isa = PBXFileReference; lastKnownFileType = sourcecode.swift; path = WordDict.swift; sourceTree = "<group>"; };
		738C80DA280D634C00D8FCA5 /* MainViewModel.swift */ = {isa = PBXFileReference; lastKnownFileType = sourcecode.swift; path = MainViewModel.swift; sourceTree = "<group>"; };
		73C3CE95281A4FCE008DA8AA /* StatisticsView.swift */ = {isa = PBXFileReference; fileEncoding = 4; lastKnownFileType = sourcecode.swift; name = StatisticsView.swift; path = kWordle/View/SettingView/StatisticsView.swift; sourceTree = SOURCE_ROOT; };
		73CB2E4028197C6700EB87B6 /* SettingToggleStyle.swift */ = {isa = PBXFileReference; lastKnownFileType = sourcecode.swift; path = SettingToggleStyle.swift; sourceTree = "<group>"; };
		73D66DB1280E825000313A7F /* TitleView.swift */ = {isa = PBXFileReference; lastKnownFileType = sourcecode.swift; path = TitleView.swift; sourceTree = "<group>"; };
		73D66DB4280E973300313A7F /* EBSL.ttf */ = {isa = PBXFileReference; lastKnownFileType = file; name = EBSL.ttf; path = Font/EBSL.ttf; sourceTree = SOURCE_ROOT; };
		73D66DB5280E973300313A7F /* EBS훈민정음SB.ttf */ = {isa = PBXFileReference; lastKnownFileType = file; name = "EBS훈민정음SB.ttf"; path = "Font/EBS훈민정음SB.ttf"; sourceTree = SOURCE_ROOT; };
		73D66DB6280E973300313A7F /* EBS훈민정음새론R.ttf */ = {isa = PBXFileReference; lastKnownFileType = file; name = "EBS훈민정음새론R.ttf"; path = "Font/EBS훈민정음새론R.ttf"; sourceTree = SOURCE_ROOT; };
		73D66DB7280E973300313A7F /* EBS훈민정음새론SB.ttf */ = {isa = PBXFileReference; lastKnownFileType = file; name = "EBS훈민정음새론SB.ttf"; path = "Font/EBS훈민정음새론SB.ttf"; sourceTree = SOURCE_ROOT; };
		73D66DBC280E98D500313A7F /* Info.plist */ = {isa = PBXFileReference; lastKnownFileType = text.plist; path = Info.plist; sourceTree = "<group>"; };
		73D66DBD280EA31000313A7F /* Launch Screen.storyboard */ = {isa = PBXFileReference; lastKnownFileType = file.storyboard; path = "Launch Screen.storyboard"; sourceTree = "<group>"; };
		73F23E7728196257009A5DEC /* NotificationManager.swift */ = {isa = PBXFileReference; lastKnownFileType = sourcecode.swift; path = NotificationManager.swift; sourceTree = "<group>"; };
		73F23E79281962C1009A5DEC /* NotificationCell.swift */ = {isa = PBXFileReference; lastKnownFileType = sourcecode.swift; path = NotificationCell.swift; sourceTree = "<group>"; };
		73F23E7B28196315009A5DEC /* Message.swift */ = {isa = PBXFileReference; lastKnownFileType = sourcecode.swift; path = Message.swift; sourceTree = "<group>"; };
		73F23E7D28196443009A5DEC /* SettingView.swift */ = {isa = PBXFileReference; lastKnownFileType = sourcecode.swift; path = SettingView.swift; sourceTree = "<group>"; };
		73FD63AD27EDCF920041036F /* Handeul.app */ = {isa = PBXFileReference; explicitFileType = wrapper.application; includeInIndex = 0; path = Handeul.app; sourceTree = BUILT_PRODUCTS_DIR; };
		73FD63B027EDCF920041036F /* kWordleApp.swift */ = {isa = PBXFileReference; lastKnownFileType = sourcecode.swift; path = kWordleApp.swift; sourceTree = "<group>"; };
		73FD63B427EDCF940041036F /* Assets.xcassets */ = {isa = PBXFileReference; lastKnownFileType = folder.assetcatalog; path = Assets.xcassets; sourceTree = "<group>"; };
		73FD63B727EDCF940041036F /* Preview Assets.xcassets */ = {isa = PBXFileReference; lastKnownFileType = folder.assetcatalog; path = "Preview Assets.xcassets"; sourceTree = "<group>"; };
		CC1BB898281AE13800BAA6FA /* HapticsManager.swift */ = {isa = PBXFileReference; lastKnownFileType = sourcecode.swift; path = HapticsManager.swift; sourceTree = "<group>"; };
		CC29723829AB510B006D2E44 /* LottieView.swift */ = {isa = PBXFileReference; lastKnownFileType = sourcecode.swift; path = LottieView.swift; sourceTree = "<group>"; };
		CC29723B29AB516B006D2E44 /* win.json */ = {isa = PBXFileReference; fileEncoding = 4; lastKnownFileType = text.json; path = win.json; sourceTree = "<group>"; };
		CC29723C29AB516B006D2E44 /* win_color_weak.json */ = {isa = PBXFileReference; fileEncoding = 4; lastKnownFileType = text.json; path = win_color_weak.json; sourceTree = "<group>"; };
		CC29724529AB7F70006D2E44 /* lose.json */ = {isa = PBXFileReference; fileEncoding = 4; lastKnownFileType = text.json; path = lose.json; sourceTree = "<group>"; };
		CC49B36B2819628A000CDC34 /* .gitattributes */ = {isa = PBXFileReference; lastKnownFileType = text; path = .gitattributes; sourceTree = "<group>"; };
		CC57AF272816C695001675CD /* KeyBoard.swift */ = {isa = PBXFileReference; lastKnownFileType = sourcecode.swift; path = KeyBoard.swift; sourceTree = "<group>"; };
		CC6420992843307D00851A22 /* en */ = {isa = PBXFileReference; lastKnownFileType = text.plist.strings; name = en; path = en.lproj/Localizable.strings; sourceTree = "<group>"; };
		CC64209B2843319400851A22 /* ko */ = {isa = PBXFileReference; lastKnownFileType = text.plist.strings; name = ko; path = ko.lproj/Localizable.strings; sourceTree = "<group>"; };
		CC64209C284341AE00851A22 /* HowToPlayText.swift */ = {isa = PBXFileReference; lastKnownFileType = sourcecode.swift; path = HowToPlayText.swift; sourceTree = "<group>"; };
		CC69C353281A9DCF00F6805E /* Dates.swift */ = {isa = PBXFileReference; lastKnownFileType = sourcecode.swift; path = Dates.swift; sourceTree = "<group>"; };
		CC724BCE2824DB3D000620F6 /* HowToPlayOnFirstLaunch.swift */ = {isa = PBXFileReference; lastKnownFileType = sourcecode.swift; path = HowToPlayOnFirstLaunch.swift; sourceTree = "<group>"; };
		CC7C517C280E753200B739F3 /* Color+CustomColor.swift */ = {isa = PBXFileReference; lastKnownFileType = sourcecode.swift; path = "Color+CustomColor.swift"; sourceTree = "<group>"; };
		CC7C517E280EB51300B739F3 /* MenuBar.swift */ = {isa = PBXFileReference; lastKnownFileType = sourcecode.swift; path = MenuBar.swift; sourceTree = "<group>"; };
		CC7C5180280ECB6200B739F3 /* HowToPlayView.swift */ = {isa = PBXFileReference; lastKnownFileType = sourcecode.swift; path = HowToPlayView.swift; sourceTree = "<group>"; };
		CC802750281266D600686A3A /* String+getChar.swift */ = {isa = PBXFileReference; lastKnownFileType = sourcecode.swift; path = "String+getChar.swift"; sourceTree = "<group>"; };
		CCA23972281A682000CCAD0E /* MailView.swift */ = {isa = PBXFileReference; lastKnownFileType = sourcecode.swift; path = MailView.swift; sourceTree = "<group>"; };
		CCCA07BF29AF3A1E004F0881 /* GoogleService-Info.plist */ = {isa = PBXFileReference; fileEncoding = 4; lastKnownFileType = text.plist.xml; name = "GoogleService-Info.plist"; path = "../../../Downloads/GoogleService-Info.plist"; sourceTree = "<group>"; };
		CCCA07C529AF4ECC004F0881 /* SettingButtonView.swift */ = {isa = PBXFileReference; lastKnownFileType = sourcecode.swift; path = SettingButtonView.swift; sourceTree = "<group>"; };
		CCCA07CE29B70A5C004F0881 /* Horline.swift */ = {isa = PBXFileReference; lastKnownFileType = sourcecode.swift; path = Horline.swift; sourceTree = "<group>"; };
		CCCA07D029B70C55004F0881 /* GameNumberView.swift */ = {isa = PBXFileReference; lastKnownFileType = sourcecode.swift; path = GameNumberView.swift; sourceTree = "<group>"; };
		CCDBBC7128100D4600563140 /* ToastView.swift */ = {isa = PBXFileReference; lastKnownFileType = sourcecode.swift; path = ToastView.swift; sourceTree = "<group>"; };
		CCFBDB412817BBAD006674A3 /* Persistable.swift */ = {isa = PBXFileReference; lastKnownFileType = sourcecode.swift; path = Persistable.swift; sourceTree = "<group>"; };
		CCFBDB432817C62E006674A3 /* Game+Persisted.swift */ = {isa = PBXFileReference; lastKnownFileType = sourcecode.swift; path = "Game+Persisted.swift"; sourceTree = "<group>"; };
		CCFBDB452817D022006674A3 /* RealmManager.swift */ = {isa = PBXFileReference; lastKnownFileType = sourcecode.swift; path = RealmManager.swift; sourceTree = "<group>"; };
		CCFBDB472817F42B006674A3 /* Statistics.swift */ = {isa = PBXFileReference; lastKnownFileType = sourcecode.swift; path = Statistics.swift; sourceTree = "<group>"; };
		CCFBDB492817FB28006674A3 /* StatisticsViewModel.swift */ = {isa = PBXFileReference; lastKnownFileType = sourcecode.swift; path = StatisticsViewModel.swift; sourceTree = "<group>"; };
		DBBBF406299617F600ADBAEF /* GoogleService-Info.plist.template */ = {isa = PBXFileReference; fileEncoding = 4; lastKnownFileType = text.xml; path = "GoogleService-Info.plist.template"; sourceTree = "<group>"; };
		DBBBF4082996199C00ADBAEF /* ci_pre_xcodebuild.sh */ = {isa = PBXFileReference; fileEncoding = 4; lastKnownFileType = text.script.sh; path = ci_pre_xcodebuild.sh; sourceTree = "<group>"; };
		DBDE27AE299F600C00841CF7 /* LifeView.swift */ = {isa = PBXFileReference; lastKnownFileType = sourcecode.swift; path = LifeView.swift; sourceTree = "<group>"; };
/* End PBXFileReference section */

/* Begin PBXFrameworksBuildPhase section */
		73FD63AA27EDCF920041036F /* Frameworks */ = {
			isa = PBXFrameworksBuildPhase;
			buildActionMask = 2147483647;
			files = (
				CC7D1D4A28169AAB00CD7BFD /* RealmSwift in Frameworks */,
				CC7D1D4828169AAB00CD7BFD /* Realm in Frameworks */,
				7384B9FB28168DDC00D14652 /* GoogleMobileAds in Frameworks */,
				733A74CB281290F900B49310 /* FirebaseAnalytics in Frameworks */,
				733A74CD281290F900B49310 /* FirebaseFirestore in Frameworks */,
				CC29723229AB4C46006D2E44 /* Lottie in Frameworks */,
			);
			runOnlyForDeploymentPostprocessing = 0;
		};
/* End PBXFrameworksBuildPhase section */

/* Begin PBXGroup section */
		737D4CCF28092F0B00CD8CBD /* ViewModel */ = {
			isa = PBXGroup;
			children = (
				738C80DA280D634C00D8FCA5 /* MainViewModel.swift */,
				CCFBDB492817FB28006674A3 /* StatisticsViewModel.swift */,
				7322469C2816DBFD00024ED2 /* GoogleAdsViewModel.swift */,
			);
			path = ViewModel;
			sourceTree = "<group>";
		};
		737D4CD028092F1700CD8CBD /* Model */ = {
			isa = PBXGroup;
			children = (
				737D4CD228092F5D00CD8CBD /* Game.swift */,
				CCFBDB472817F42B006674A3 /* Statistics.swift */,
				CCFBDB432817C62E006674A3 /* Game+Persisted.swift */,
				CC57AF272816C695001675CD /* KeyBoard.swift */,
				738C80D6280D61D600D8FCA5 /* WordDict.swift */,
				737D4CD428092F6C00CD8CBD /* Key.swift */,
				737D4CE72809539D00CD8CBD /* WordDictManager.swift */,
				CCFBDB452817D022006674A3 /* RealmManager.swift */,
				CC1BB898281AE13800BAA6FA /* HapticsManager.swift */,
			);
			path = Model;
			sourceTree = "<group>";
		};
		737D4CD128092F3C00CD8CBD /* View */ = {
			isa = PBXGroup;
			children = (
				CCCA07C129AF4761004F0881 /* MainView */,
				CCCA07C429AF4BEC004F0881 /* SettingView */,
				CCCA07C229AF4810004F0881 /* Shared */,
			);
			path = View;
			sourceTree = "<group>";
		};
		737D4CDE2809399600CD8CBD /* Constants */ = {
			isa = PBXGroup;
			children = (
				737D4CDF280939B500CD8CBD /* constant+UIscreenSize.swift */,
				CC7C517C280E753200B739F3 /* Color+CustomColor.swift */,
				CC802750281266D600686A3A /* String+getChar.swift */,
				7384B9FC28168E7300D14652 /* GoogleAds.swift */,
				73F23E7B28196315009A5DEC /* Message.swift */,
				73CB2E4028197C6700EB87B6 /* SettingToggleStyle.swift */,
				CC64209C284341AE00851A22 /* HowToPlayText.swift */,
			);
			path = Constants;
			sourceTree = "<group>";
		};
		737D4CE9280954E300CD8CBD /* WordData */ = {
			isa = PBXGroup;
			children = (
				738C80D0280D473200D8FCA5 /* 5Jamo.tsv */,
			);
			path = WordData;
			sourceTree = "<group>";
		};
		73D66DB3280E971900313A7F /* Fonts */ = {
			isa = PBXGroup;
			children = (
				73D66DB4280E973300313A7F /* EBSL.ttf */,
				73D66DB6280E973300313A7F /* EBS훈민정음새론R.ttf */,
				73D66DB7280E973300313A7F /* EBS훈민정음새론SB.ttf */,
				73D66DB5280E973300313A7F /* EBS훈민정음SB.ttf */,
			);
			path = Fonts;
			sourceTree = "<group>";
		};
		73F23E7628196239009A5DEC /* Service */ = {
			isa = PBXGroup;
			children = (
				73F23E7728196257009A5DEC /* NotificationManager.swift */,
				73282902281A872A00A55F77 /* RandomNumberGeneratorWithSeed.swift */,
				73282904281AB03E00A55F77 /* requestPermission.swift */,
			);
			path = Service;
			sourceTree = "<group>";
		};
		73FD63A427EDCF920041036F = {
			isa = PBXGroup;
			children = (
				DBBBF40A29961B7400ADBAEF /* ci_scripts */,
				73FD63AF27EDCF920041036F /* kWordle */,
				73FD63AE27EDCF920041036F /* Products */,
			);
			sourceTree = "<group>";
		};
		73FD63AE27EDCF920041036F /* Products */ = {
			isa = PBXGroup;
			children = (
				73FD63AD27EDCF920041036F /* Handeul.app */,
			);
			name = Products;
			sourceTree = "<group>";
		};
		73FD63AF27EDCF920041036F /* kWordle */ = {
			isa = PBXGroup;
			children = (
				CC29723A29AB515E006D2E44 /* LottieAnimations */,
				73F23E7628196239009A5DEC /* Service */,
				73D66DBC280E98D500313A7F /* Info.plist */,
				CCCA07BF29AF3A1E004F0881 /* GoogleService-Info.plist */,
				CC6420982843307D00851A22 /* Localizable.strings */,
				73D66DB3280E971900313A7F /* Fonts */,
				737D4CE9280954E300CD8CBD /* WordData */,
				CCFBDB402817BB90006674A3 /* Protocols */,
				CCCA07CB29B6F17A004F0881 /* Utils */,
				737D4CDE2809399600CD8CBD /* Constants */,
				737D4CD028092F1700CD8CBD /* Model */,
				737D4CD128092F3C00CD8CBD /* View */,
				737D4CCF28092F0B00CD8CBD /* ViewModel */,
				73FD63B027EDCF920041036F /* kWordleApp.swift */,
				737D4CC628092C2100CD8CBD /* .swiftlint.yml */,
				73FD63B427EDCF940041036F /* Assets.xcassets */,
				73FD63B627EDCF940041036F /* Preview Content */,
				73D66DBD280EA31000313A7F /* Launch Screen.storyboard */,
				CC49B36B2819628A000CDC34 /* .gitattributes */,
			);
			path = kWordle;
			sourceTree = "<group>";
		};
		73FD63B627EDCF940041036F /* Preview Content */ = {
			isa = PBXGroup;
			children = (
				73FD63B727EDCF940041036F /* Preview Assets.xcassets */,
			);
			path = "Preview Content";
			sourceTree = "<group>";
		};
		CC29723A29AB515E006D2E44 /* LottieAnimations */ = {
			isa = PBXGroup;
			children = (
				CC29723C29AB516B006D2E44 /* win_color_weak.json */,
				CC29723B29AB516B006D2E44 /* win.json */,
				CC29724529AB7F70006D2E44 /* lose.json */,
			);
			path = LottieAnimations;
			sourceTree = "<group>";
		};
		CCCA07C129AF4761004F0881 /* MainView */ = {
			isa = PBXGroup;
			children = (
				737D4CE128093C3600CD8CBD /* MainView.swift */,
				73D66DB1280E825000313A7F /* TitleView.swift */,
				CCCA07C529AF4ECC004F0881 /* SettingButtonView.swift */,
				737D4CE328093C6200CD8CBD /* AnswerBoardView.swift */,
				DBDE27AE299F600C00841CF7 /* LifeView.swift */,
				73036274281261E8002DCE6B /* DictView.swift */,
				737D4CD82809322400CD8CBD /* KeyboardView.swift */,
				CC7C517E280EB51300B739F3 /* MenuBar.swift */,
				CCCA07CE29B70A5C004F0881 /* Horline.swift */,
				CCCA07D029B70C55004F0881 /* GameNumberView.swift */,
			);
			path = MainView;
			sourceTree = "<group>";
		};
		CCCA07C229AF4810004F0881 /* Shared */ = {
			isa = PBXGroup;
			children = (
				CCDBBC7128100D4600563140 /* ToastView.swift */,
				CC29723829AB510B006D2E44 /* LottieView.swift */,
				CCA23972281A682000CCAD0E /* MailView.swift */,
				CC724BCE2824DB3D000620F6 /* HowToPlayOnFirstLaunch.swift */,
			);
			path = Shared;
			sourceTree = "<group>";
		};
		CCCA07C429AF4BEC004F0881 /* SettingView */ = {
			isa = PBXGroup;
			children = (
				73F23E7D28196443009A5DEC /* SettingView.swift */,
				73F23E79281962C1009A5DEC /* NotificationCell.swift */,
				CC7C5180280ECB6200B739F3 /* HowToPlayView.swift */,
				73C3CE95281A4FCE008DA8AA /* StatisticsView.swift */,
			);
			path = SettingView;
			sourceTree = "<group>";
		};
		CCCA07CB29B6F17A004F0881 /* Utils */ = {
			isa = PBXGroup;
			children = (
				CC69C353281A9DCF00F6805E /* Dates.swift */,
			);
			path = Utils;
			sourceTree = "<group>";
		};
		CCFBDB402817BB90006674A3 /* Protocols */ = {
			isa = PBXGroup;
			children = (
				CCFBDB412817BBAD006674A3 /* Persistable.swift */,
			);
			path = Protocols;
			sourceTree = "<group>";
		};
		DBBBF40A29961B7400ADBAEF /* ci_scripts */ = {
			isa = PBXGroup;
			children = (
				DBBBF406299617F600ADBAEF /* GoogleService-Info.plist.template */,
				DBBBF4082996199C00ADBAEF /* ci_pre_xcodebuild.sh */,
			);
			path = ci_scripts;
			sourceTree = "<group>";
		};
/* End PBXGroup section */

/* Begin PBXNativeTarget section */
		73FD63AC27EDCF920041036F /* 한들 */ = {
			isa = PBXNativeTarget;
			buildConfigurationList = 73FD63BB27EDCF940041036F /* Build configuration list for PBXNativeTarget "한들" */;
			buildPhases = (
				73FD63A927EDCF920041036F /* Sources */,
				73FD63AA27EDCF920041036F /* Frameworks */,
				73FD63AB27EDCF920041036F /* Resources */,
				737D4CCD28092DC100CD8CBD /* ShellScript */,
			);
			buildRules = (
			);
			dependencies = (
			);
			name = "한들";
			packageProductDependencies = (
				733A74CA281290F900B49310 /* FirebaseAnalytics */,
				733A74CC281290F900B49310 /* FirebaseFirestore */,
				CC7D1D4728169AAB00CD7BFD /* Realm */,
				CC7D1D4928169AAB00CD7BFD /* RealmSwift */,
				7384B9FA28168DDC00D14652 /* GoogleMobileAds */,
				CC29723129AB4C46006D2E44 /* Lottie */,
			);
			productName = kWordle;
			productReference = 73FD63AD27EDCF920041036F /* Handeul.app */;
			productType = "com.apple.product-type.application";
		};
/* End PBXNativeTarget section */

/* Begin PBXProject section */
		73FD63A527EDCF920041036F /* Project object */ = {
			isa = PBXProject;
			attributes = {
				BuildIndependentTargetsInParallel = 1;
				LastSwiftUpdateCheck = 1310;
				LastUpgradeCheck = 1310;
				TargetAttributes = {
					73FD63AC27EDCF920041036F = {
						CreatedOnToolsVersion = 13.1;
					};
				};
			};
			buildConfigurationList = 73FD63A827EDCF920041036F /* Build configuration list for PBXProject "kWordle" */;
			compatibilityVersion = "Xcode 13.0";
			developmentRegion = en;
			hasScannedForEncodings = 0;
			knownRegions = (
				en,
				Base,
				ko,
			);
			mainGroup = 73FD63A427EDCF920041036F;
			packageReferences = (
				733A74C9281290F900B49310 /* XCRemoteSwiftPackageReference "firebase-ios-sdk" */,
				CC7D1D4628169AAB00CD7BFD /* XCRemoteSwiftPackageReference "realm-swift" */,
				7384B9F928168DDC00D14652 /* XCRemoteSwiftPackageReference "GoogleMobileAds" */,
				CC29723029AB4C46006D2E44 /* XCRemoteSwiftPackageReference "lottie-ios" */,
				CC29723529AB4F98006D2E44 /* XCRemoteSwiftPackageReference "Lottie-SwiftUI" */,
			);
			productRefGroup = 73FD63AE27EDCF920041036F /* Products */;
			projectDirPath = "";
			projectRoot = "";
			targets = (
				73FD63AC27EDCF920041036F /* 한들 */,
			);
		};
/* End PBXProject section */

/* Begin PBXResourcesBuildPhase section */
		73FD63AB27EDCF920041036F /* Resources */ = {
			isa = PBXResourcesBuildPhase;
			buildActionMask = 2147483647;
			files = (
				737D4CC728092C2100CD8CBD /* .swiftlint.yml in Resources */,
				CC64209A2843307D00851A22 /* Localizable.strings in Resources */,
				CC29723D29AB516C006D2E44 /* win.json in Resources */,
				73D66DB9280E973300313A7F /* EBS훈민정음SB.ttf in Resources */,
				DBBBF407299617F600ADBAEF /* GoogleService-Info.plist.template in Resources */,
				73FD63B827EDCF940041036F /* Preview Assets.xcassets in Resources */,
				CC29724629AB7F70006D2E44 /* lose.json in Resources */,
				CC29723E29AB516C006D2E44 /* win_color_weak.json in Resources */,
				73D66DBE280EA31000313A7F /* Launch Screen.storyboard in Resources */,
				73D66DBA280E973300313A7F /* EBS훈민정음새론R.ttf in Resources */,
				DBBBF4092996199C00ADBAEF /* ci_pre_xcodebuild.sh in Resources */,
				73D66DBB280E973300313A7F /* EBS훈민정음새론SB.ttf in Resources */,
				CCCA07C029AF3A1F004F0881 /* GoogleService-Info.plist in Resources */,
				73FD63B527EDCF940041036F /* Assets.xcassets in Resources */,
				CC49B36C2819628A000CDC34 /* .gitattributes in Resources */,
				73D66DB8280E973300313A7F /* EBSL.ttf in Resources */,
				738C80D1280D473200D8FCA5 /* 5Jamo.tsv in Resources */,
			);
			runOnlyForDeploymentPostprocessing = 0;
		};
/* End PBXResourcesBuildPhase section */

/* Begin PBXShellScriptBuildPhase section */
		737D4CCD28092DC100CD8CBD /* ShellScript */ = {
			isa = PBXShellScriptBuildPhase;
			buildActionMask = 2147483647;
			files = (
			);
			inputFileListPaths = (
			);
			inputPaths = (
			);
			outputFileListPaths = (
			);
			outputPaths = (
			);
			runOnlyForDeploymentPostprocessing = 0;
			shellPath = /bin/sh;
			shellScript = "# Type a script or drag a script file from your workspace to insert its path.\nif which swiftlint >/dev/null; then\n  swiftlint\nelse\n  echo \"warning: SwiftLint not installed, download from https://github.com/realm/SwiftLint\"\nfi\n";
		};
/* End PBXShellScriptBuildPhase section */

/* Begin PBXSourcesBuildPhase section */
		73FD63A927EDCF920041036F /* Sources */ = {
			isa = PBXSourcesBuildPhase;
			buildActionMask = 2147483647;
			files = (
				73CB2E4128197C6700EB87B6 /* SettingToggleStyle.swift in Sources */,
				CC7C517F280EB51300B739F3 /* MenuBar.swift in Sources */,
				737D4CD528092F6C00CD8CBD /* Key.swift in Sources */,
				738C80D7280D61D600D8FCA5 /* WordDict.swift in Sources */,
				CC57AF282816C695001675CD /* KeyBoard.swift in Sources */,
				CC7C5181280ECB6200B739F3 /* HowToPlayView.swift in Sources */,
				CCCA07C629AF4ECC004F0881 /* SettingButtonView.swift in Sources */,
				73F23E7828196257009A5DEC /* NotificationManager.swift in Sources */,
				CC29723929AB510B006D2E44 /* LottieView.swift in Sources */,
				CCCA07D129B70C55004F0881 /* GameNumberView.swift in Sources */,
				7322469D2816DBFD00024ED2 /* GoogleAdsViewModel.swift in Sources */,
				CC64209D284341AF00851A22 /* HowToPlayText.swift in Sources */,
				737D4CE228093C3600CD8CBD /* MainView.swift in Sources */,
				CCFBDB422817BBAD006674A3 /* Persistable.swift in Sources */,
				73F23E7A281962C1009A5DEC /* NotificationCell.swift in Sources */,
				73282905281AB03E00A55F77 /* requestPermission.swift in Sources */,
				CC7C517D280E753200B739F3 /* Color+CustomColor.swift in Sources */,
				73282903281A872A00A55F77 /* RandomNumberGeneratorWithSeed.swift in Sources */,
				CCCA07CF29B70A5C004F0881 /* Horline.swift in Sources */,
				CCFBDB482817F42B006674A3 /* Statistics.swift in Sources */,
				CCA23973281A682000CCAD0E /* MailView.swift in Sources */,
				CC724BCF2824DB3D000620F6 /* HowToPlayOnFirstLaunch.swift in Sources */,
				738C80DB280D634C00D8FCA5 /* MainViewModel.swift in Sources */,
				CCFBDB4A2817FB28006674A3 /* StatisticsViewModel.swift in Sources */,
				CC1BB899281AE13800BAA6FA /* HapticsManager.swift in Sources */,
				73F23E7C28196315009A5DEC /* Message.swift in Sources */,
				737D4CD328092F5D00CD8CBD /* Game.swift in Sources */,
				737D4CE82809539D00CD8CBD /* WordDictManager.swift in Sources */,
				DBDE27AF299F600C00841CF7 /* LifeView.swift in Sources */,
				CCFBDB442817C62E006674A3 /* Game+Persisted.swift in Sources */,
				CCDBBC7228100D4600563140 /* ToastView.swift in Sources */,
				73C3CE96281A4FCE008DA8AA /* StatisticsView.swift in Sources */,
				737D4CE0280939B500CD8CBD /* constant+UIscreenSize.swift in Sources */,
				73036275281261E8002DCE6B /* DictView.swift in Sources */,
				CC69C354281A9DCF00F6805E /* Dates.swift in Sources */,
				CCFBDB462817D022006674A3 /* RealmManager.swift in Sources */,
				7384B9FD28168E7300D14652 /* GoogleAds.swift in Sources */,
				737D4CE428093C6200CD8CBD /* AnswerBoardView.swift in Sources */,
				73D66DB2280E825000313A7F /* TitleView.swift in Sources */,
				737D4CD92809322400CD8CBD /* KeyboardView.swift in Sources */,
				73FD63B127EDCF920041036F /* kWordleApp.swift in Sources */,
				73F23E7E28196443009A5DEC /* SettingView.swift in Sources */,
				CC802751281266D600686A3A /* String+getChar.swift in Sources */,
			);
			runOnlyForDeploymentPostprocessing = 0;
		};
/* End PBXSourcesBuildPhase section */

/* Begin PBXVariantGroup section */
		CC6420982843307D00851A22 /* Localizable.strings */ = {
			isa = PBXVariantGroup;
			children = (
				CC6420992843307D00851A22 /* en */,
				CC64209B2843319400851A22 /* ko */,
			);
			name = Localizable.strings;
			sourceTree = "<group>";
		};
/* End PBXVariantGroup section */

/* Begin XCBuildConfiguration section */
		73FD63B927EDCF940041036F /* Debug */ = {
			isa = XCBuildConfiguration;
			buildSettings = {
				ALWAYS_SEARCH_USER_PATHS = NO;
				CLANG_ANALYZER_LOCALIZABILITY_NONLOCALIZED = YES;
				CLANG_ANALYZER_NONNULL = YES;
				CLANG_ANALYZER_NUMBER_OBJECT_CONVERSION = YES_AGGRESSIVE;
				CLANG_CXX_LANGUAGE_STANDARD = "gnu++17";
				CLANG_CXX_LIBRARY = "libc++";
				CLANG_ENABLE_MODULES = YES;
				CLANG_ENABLE_OBJC_ARC = YES;
				CLANG_ENABLE_OBJC_WEAK = YES;
				CLANG_WARN_BLOCK_CAPTURE_AUTORELEASING = YES;
				CLANG_WARN_BOOL_CONVERSION = YES;
				CLANG_WARN_COMMA = YES;
				CLANG_WARN_CONSTANT_CONVERSION = YES;
				CLANG_WARN_DEPRECATED_OBJC_IMPLEMENTATIONS = YES;
				CLANG_WARN_DIRECT_OBJC_ISA_USAGE = YES_ERROR;
				CLANG_WARN_DOCUMENTATION_COMMENTS = YES;
				CLANG_WARN_EMPTY_BODY = YES;
				CLANG_WARN_ENUM_CONVERSION = YES;
				CLANG_WARN_INFINITE_RECURSION = YES;
				CLANG_WARN_INT_CONVERSION = YES;
				CLANG_WARN_NON_LITERAL_NULL_CONVERSION = YES;
				CLANG_WARN_OBJC_IMPLICIT_RETAIN_SELF = YES;
				CLANG_WARN_OBJC_LITERAL_CONVERSION = YES;
				CLANG_WARN_OBJC_ROOT_CLASS = YES_ERROR;
				CLANG_WARN_QUOTED_INCLUDE_IN_FRAMEWORK_HEADER = YES;
				CLANG_WARN_RANGE_LOOP_ANALYSIS = YES;
				CLANG_WARN_STRICT_PROTOTYPES = YES;
				CLANG_WARN_SUSPICIOUS_MOVE = YES;
				CLANG_WARN_UNGUARDED_AVAILABILITY = YES_AGGRESSIVE;
				CLANG_WARN_UNREACHABLE_CODE = YES;
				CLANG_WARN__DUPLICATE_METHOD_MATCH = YES;
				COPY_PHASE_STRIP = NO;
				DEBUG_INFORMATION_FORMAT = dwarf;
				ENABLE_STRICT_OBJC_MSGSEND = YES;
				ENABLE_TESTABILITY = YES;
				GCC_C_LANGUAGE_STANDARD = gnu11;
				GCC_DYNAMIC_NO_PIC = NO;
				GCC_NO_COMMON_BLOCKS = YES;
				GCC_OPTIMIZATION_LEVEL = 0;
				GCC_PREPROCESSOR_DEFINITIONS = (
					"DEBUG=1",
					"$(inherited)",
				);
				GCC_WARN_64_TO_32_BIT_CONVERSION = YES;
				GCC_WARN_ABOUT_RETURN_TYPE = YES_ERROR;
				GCC_WARN_UNDECLARED_SELECTOR = YES;
				GCC_WARN_UNINITIALIZED_AUTOS = YES_AGGRESSIVE;
				GCC_WARN_UNUSED_FUNCTION = YES;
				GCC_WARN_UNUSED_VARIABLE = YES;
				IPHONEOS_DEPLOYMENT_TARGET = 14.0;
				MTL_ENABLE_DEBUG_INFO = INCLUDE_SOURCE;
				MTL_FAST_MATH = YES;
				ONLY_ACTIVE_ARCH = YES;
				SDKROOT = iphoneos;
				SWIFT_ACTIVE_COMPILATION_CONDITIONS = DEBUG;
				SWIFT_OPTIMIZATION_LEVEL = "-Onone";
			};
			name = Debug;
		};
		73FD63BA27EDCF940041036F /* Release */ = {
			isa = XCBuildConfiguration;
			buildSettings = {
				ALWAYS_SEARCH_USER_PATHS = NO;
				CLANG_ANALYZER_LOCALIZABILITY_NONLOCALIZED = YES;
				CLANG_ANALYZER_NONNULL = YES;
				CLANG_ANALYZER_NUMBER_OBJECT_CONVERSION = YES_AGGRESSIVE;
				CLANG_CXX_LANGUAGE_STANDARD = "gnu++17";
				CLANG_CXX_LIBRARY = "libc++";
				CLANG_ENABLE_MODULES = YES;
				CLANG_ENABLE_OBJC_ARC = YES;
				CLANG_ENABLE_OBJC_WEAK = YES;
				CLANG_WARN_BLOCK_CAPTURE_AUTORELEASING = YES;
				CLANG_WARN_BOOL_CONVERSION = YES;
				CLANG_WARN_COMMA = YES;
				CLANG_WARN_CONSTANT_CONVERSION = YES;
				CLANG_WARN_DEPRECATED_OBJC_IMPLEMENTATIONS = YES;
				CLANG_WARN_DIRECT_OBJC_ISA_USAGE = YES_ERROR;
				CLANG_WARN_DOCUMENTATION_COMMENTS = YES;
				CLANG_WARN_EMPTY_BODY = YES;
				CLANG_WARN_ENUM_CONVERSION = YES;
				CLANG_WARN_INFINITE_RECURSION = YES;
				CLANG_WARN_INT_CONVERSION = YES;
				CLANG_WARN_NON_LITERAL_NULL_CONVERSION = YES;
				CLANG_WARN_OBJC_IMPLICIT_RETAIN_SELF = YES;
				CLANG_WARN_OBJC_LITERAL_CONVERSION = YES;
				CLANG_WARN_OBJC_ROOT_CLASS = YES_ERROR;
				CLANG_WARN_QUOTED_INCLUDE_IN_FRAMEWORK_HEADER = YES;
				CLANG_WARN_RANGE_LOOP_ANALYSIS = YES;
				CLANG_WARN_STRICT_PROTOTYPES = YES;
				CLANG_WARN_SUSPICIOUS_MOVE = YES;
				CLANG_WARN_UNGUARDED_AVAILABILITY = YES_AGGRESSIVE;
				CLANG_WARN_UNREACHABLE_CODE = YES;
				CLANG_WARN__DUPLICATE_METHOD_MATCH = YES;
				COPY_PHASE_STRIP = NO;
				DEBUG_INFORMATION_FORMAT = "dwarf-with-dsym";
				ENABLE_NS_ASSERTIONS = NO;
				ENABLE_STRICT_OBJC_MSGSEND = YES;
				GCC_C_LANGUAGE_STANDARD = gnu11;
				GCC_NO_COMMON_BLOCKS = YES;
				GCC_WARN_64_TO_32_BIT_CONVERSION = YES;
				GCC_WARN_ABOUT_RETURN_TYPE = YES_ERROR;
				GCC_WARN_UNDECLARED_SELECTOR = YES;
				GCC_WARN_UNINITIALIZED_AUTOS = YES_AGGRESSIVE;
				GCC_WARN_UNUSED_FUNCTION = YES;
				GCC_WARN_UNUSED_VARIABLE = YES;
				IPHONEOS_DEPLOYMENT_TARGET = 14.0;
				MTL_ENABLE_DEBUG_INFO = NO;
				MTL_FAST_MATH = YES;
				SDKROOT = iphoneos;
				SWIFT_COMPILATION_MODE = wholemodule;
				SWIFT_OPTIMIZATION_LEVEL = "-O";
				VALIDATE_PRODUCT = YES;
			};
			name = Release;
		};
		73FD63BC27EDCF940041036F /* Debug */ = {
			isa = XCBuildConfiguration;
			buildSettings = {
				ASSETCATALOG_COMPILER_APPICON_NAME = AppIcon;
				ASSETCATALOG_COMPILER_GLOBAL_ACCENT_COLOR_NAME = AccentColor;
				CODE_SIGN_STYLE = Automatic;
				CURRENT_PROJECT_VERSION = 20230303;
				DEVELOPMENT_ASSET_PATHS = "\"kWordle/Preview Content\"";
				DEVELOPMENT_TEAM = 9TH57H8UP9;
				ENABLE_PREVIEWS = YES;
				GENERATE_INFOPLIST_FILE = YES;
				INFOPLIST_FILE = kWordle/Info.plist;
				INFOPLIST_KEY_CFBundleDisplayName = "한들";
				INFOPLIST_KEY_NSUserTrackingUsageDescription = "개인에게 최적화된 광고를 제공하기 위해 사용자의 광고 활동 정보를 수집합니다.";
				INFOPLIST_KEY_UIApplicationSceneManifest_Generation = YES;
				INFOPLIST_KEY_UIApplicationSupportsIndirectInputEvents = YES;
				INFOPLIST_KEY_UILaunchStoryboardName = "Launch Screen";
				INFOPLIST_KEY_UISupportedInterfaceOrientations = UIInterfaceOrientationPortrait;
				INFOPLIST_KEY_UISupportedInterfaceOrientations_iPad = "UIInterfaceOrientationPortrait UIInterfaceOrientationPortraitUpsideDown UIInterfaceOrientationLandscapeLeft UIInterfaceOrientationLandscapeRight";
				INFOPLIST_KEY_UISupportedInterfaceOrientations_iPhone = UIInterfaceOrientationPortrait;
				IPHONEOS_DEPLOYMENT_TARGET = 14.0;
				LD_RUNPATH_SEARCH_PATHS = (
					"$(inherited)",
					"@executable_path/Frameworks",
				);
				MARKETING_VERSION = 1.5;
				OTHER_LDFLAGS = "-ObjC";
				PRODUCT_BUNDLE_IDENTIFIER = com.game.handeul;
				PRODUCT_NAME = Handeul;
				SWIFT_EMIT_LOC_STRINGS = YES;
				SWIFT_VERSION = 5.0;
				TARGETED_DEVICE_FAMILY = 1;
			};
			name = Debug;
		};
		73FD63BD27EDCF940041036F /* Release */ = {
			isa = XCBuildConfiguration;
			buildSettings = {
				ASSETCATALOG_COMPILER_APPICON_NAME = AppIcon;
				ASSETCATALOG_COMPILER_GLOBAL_ACCENT_COLOR_NAME = AccentColor;
				CODE_SIGN_STYLE = Automatic;
				CURRENT_PROJECT_VERSION = 20230303;
				DEVELOPMENT_ASSET_PATHS = "\"kWordle/Preview Content\"";
				DEVELOPMENT_TEAM = 9TH57H8UP9;
				ENABLE_PREVIEWS = YES;
				GENERATE_INFOPLIST_FILE = YES;
				INFOPLIST_FILE = kWordle/Info.plist;
				INFOPLIST_KEY_CFBundleDisplayName = "한들";
				INFOPLIST_KEY_NSUserTrackingUsageDescription = "개인에게 최적화된 광고를 제공하기 위해 사용자의 광고 활동 정보를 수집합니다.";
				INFOPLIST_KEY_UIApplicationSceneManifest_Generation = YES;
				INFOPLIST_KEY_UIApplicationSupportsIndirectInputEvents = YES;
				INFOPLIST_KEY_UILaunchStoryboardName = "Launch Screen";
				INFOPLIST_KEY_UISupportedInterfaceOrientations = UIInterfaceOrientationPortrait;
				INFOPLIST_KEY_UISupportedInterfaceOrientations_iPad = "UIInterfaceOrientationPortrait UIInterfaceOrientationPortraitUpsideDown UIInterfaceOrientationLandscapeLeft UIInterfaceOrientationLandscapeRight";
				INFOPLIST_KEY_UISupportedInterfaceOrientations_iPhone = UIInterfaceOrientationPortrait;
				IPHONEOS_DEPLOYMENT_TARGET = 14.0;
				LD_RUNPATH_SEARCH_PATHS = (
					"$(inherited)",
					"@executable_path/Frameworks",
				);
				MARKETING_VERSION = 1.5;
				OTHER_LDFLAGS = "-ObjC";
				PRODUCT_BUNDLE_IDENTIFIER = com.game.handeul;
				PRODUCT_NAME = Handeul;
				SWIFT_EMIT_LOC_STRINGS = YES;
				SWIFT_VERSION = 5.0;
				TARGETED_DEVICE_FAMILY = 1;
			};
			name = Release;
		};
/* End XCBuildConfiguration section */

/* Begin XCConfigurationList section */
		73FD63A827EDCF920041036F /* Build configuration list for PBXProject "kWordle" */ = {
			isa = XCConfigurationList;
			buildConfigurations = (
				73FD63B927EDCF940041036F /* Debug */,
				73FD63BA27EDCF940041036F /* Release */,
			);
			defaultConfigurationIsVisible = 0;
			defaultConfigurationName = Release;
		};
		73FD63BB27EDCF940041036F /* Build configuration list for PBXNativeTarget "한들" */ = {
			isa = XCConfigurationList;
			buildConfigurations = (
				73FD63BC27EDCF940041036F /* Debug */,
				73FD63BD27EDCF940041036F /* Release */,
			);
			defaultConfigurationIsVisible = 0;
			defaultConfigurationName = Release;
		};
/* End XCConfigurationList section */

/* Begin XCRemoteSwiftPackageReference section */
		733A74C9281290F900B49310 /* XCRemoteSwiftPackageReference "firebase-ios-sdk" */ = {
			isa = XCRemoteSwiftPackageReference;
			repositoryURL = "https://github.com/firebase/firebase-ios-sdk.git";
			requirement = {
				kind = upToNextMajorVersion;
				minimumVersion = 8.0.0;
			};
		};
		7384B9F928168DDC00D14652 /* XCRemoteSwiftPackageReference "GoogleMobileAds" */ = {
			isa = XCRemoteSwiftPackageReference;
			repositoryURL = "https://github.com/quanghits/GoogleMobileAds.git";
			requirement = {
				kind = upToNextMajorVersion;
				minimumVersion = 9.0.0;
			};
		};
		CC29723029AB4C46006D2E44 /* XCRemoteSwiftPackageReference "lottie-ios" */ = {
			isa = XCRemoteSwiftPackageReference;
			repositoryURL = "https://github.com/airbnb/lottie-ios.git";
			requirement = {
				kind = upToNextMajorVersion;
				minimumVersion = 4.0.0;
			};
		};
		CC29723529AB4F98006D2E44 /* XCRemoteSwiftPackageReference "Lottie-SwiftUI" */ = {
			isa = XCRemoteSwiftPackageReference;
			repositoryURL = "https://github.com/LukasHromadnik/Lottie-SwiftUI.git";
			requirement = {
				kind = upToNextMajorVersion;
				minimumVersion = 1.0.0;
			};
		};
		CC7D1D4628169AAB00CD7BFD /* XCRemoteSwiftPackageReference "realm-swift" */ = {
			isa = XCRemoteSwiftPackageReference;
			repositoryURL = "https://github.com/realm/realm-swift";
			requirement = {
				branch = master;
				kind = branch;
			};
		};
/* End XCRemoteSwiftPackageReference section */

/* Begin XCSwiftPackageProductDependency section */
		733A74CA281290F900B49310 /* FirebaseAnalytics */ = {
			isa = XCSwiftPackageProductDependency;
			package = 733A74C9281290F900B49310 /* XCRemoteSwiftPackageReference "firebase-ios-sdk" */;
			productName = FirebaseAnalytics;
		};
		733A74CC281290F900B49310 /* FirebaseFirestore */ = {
			isa = XCSwiftPackageProductDependency;
			package = 733A74C9281290F900B49310 /* XCRemoteSwiftPackageReference "firebase-ios-sdk" */;
			productName = FirebaseFirestore;
		};
		7384B9FA28168DDC00D14652 /* GoogleMobileAds */ = {
			isa = XCSwiftPackageProductDependency;
			package = 7384B9F928168DDC00D14652 /* XCRemoteSwiftPackageReference "GoogleMobileAds" */;
			productName = GoogleMobileAds;
		};
		CC29723129AB4C46006D2E44 /* Lottie */ = {
			isa = XCSwiftPackageProductDependency;
			package = CC29723029AB4C46006D2E44 /* XCRemoteSwiftPackageReference "lottie-ios" */;
			productName = Lottie;
		};
		CC7D1D4728169AAB00CD7BFD /* Realm */ = {
			isa = XCSwiftPackageProductDependency;
			package = CC7D1D4628169AAB00CD7BFD /* XCRemoteSwiftPackageReference "realm-swift" */;
			productName = Realm;
		};
		CC7D1D4928169AAB00CD7BFD /* RealmSwift */ = {
			isa = XCSwiftPackageProductDependency;
			package = CC7D1D4628169AAB00CD7BFD /* XCRemoteSwiftPackageReference "realm-swift" */;
			productName = RealmSwift;
		};
/* End XCSwiftPackageProductDependency section */
	};
	rootObject = 73FD63A527EDCF920041036F /* Project object */;
}
